
Microsoft Visual Studio Solution File, Format Version 11.00
# Visual Studio 2010
Project("{FAE04EC0-301F-11D3-BF4B-00C04F79EFBC}") = "HappyFxEditorBaseLib", "HappyFxEditorBaseLib\HappyFxEditorBaseLib.csproj", "{E0D2E087-65C9-4198-BE73-60D4A07F2831}"
EndProject
Project("{FAE04EC0-301F-11D3-BF4B-00C04F79EFBC}") = "HappyFxEditorContextLib", "HappyFxEditorViewLib\HappyFxEditorContextLib.csproj", "{26CCE4AC-2F37-430E-96CD-FFDE5ADAAC80}"
	ProjectSection(ProjectDependencies) = postProject
		{09530FF7-D425-4172-B97C-795516A33470} = {09530FF7-D425-4172-B97C-795516A33470}
	EndProjectSection
EndProject
Project("{FAE04EC0-301F-11D3-BF4B-00C04F79EFBC}") = "HappyFxEditorApp", "HappyFxEditorGui\HappyFxEditorApp.csproj", "{3B0E27E9-4F29-4DCE-8F40-792CA2D84BD7}"
	ProjectSection(ProjectDependencies) = postProject
		{E0D2E087-65C9-4198-BE73-60D4A07F2831} = {E0D2E087-65C9-4198-BE73-60D4A07F2831}
		{26CCE4AC-2F37-430E-96CD-FFDE5ADAAC80} = {26CCE4AC-2F37-430E-96CD-FFDE5ADAAC80}
		{09530FF7-D425-4172-B97C-795516A33470} = {09530FF7-D425-4172-B97C-795516A33470}
	EndProjectSection
EndProject
Project("{FAE04EC0-301F-11D3-BF4B-00C04F79EFBC}") = "DaeMvvmFramework", "DaeMvvmFramework\DaeMvvmFramework.csproj", "{09530FF7-D425-4172-B97C-795516A33470}"
EndProject
Global
	GlobalSection(SolutionConfigurationPlatforms) = preSolution
		Debug|Any CPU = Debug|Any CPU
		Debug|Mixed Platforms = Debug|Mixed Platforms
		Debug|x86 = Debug|x86
		Release|Any CPU = Release|Any CPU
		Release|Mixed Platforms = Release|Mixed Platforms
		Release|x86 = Release|x86
	EndGlobalSection
	GlobalSection(ProjectConfigurationPlatforms) = postSolution
		{E0D2E087-65C9-4198-BE73-60D4A07F2831}.Debug|Any CPU.ActiveCfg = Debug|Any CPU
		{E0D2E087-65C9-4198-BE73-60D4A07F2831}.Debug|Any CPU.Build.0 = Debug|Any CPU
		{E0D2E087-65C9-4198-BE73-60D4A07F2831}.Debug|Mixed Platforms.ActiveCfg = Debug|Any CPU
		{E0D2E087-65C9-4198-BE73-60D4A07F2831}.Debug|Mixed Platforms.Build.0 = Debug|Any CPU
		{E0D2E087-65C9-4198-BE73-60D4A07F2831}.Debug|x86.ActiveCfg = Debug|Any CPU
		{E0D2E087-65C9-4198-BE73-60D4A07F2831}.Release|Any CPU.ActiveCfg = Release|Any CPU
		{E0D2E087-65C9-4198-BE73-60D4A07F2831}.Release|Any CPU.Build.0 = Release|Any CPU
		{E0D2E087-65C9-4198-BE73-60D4A07F2831}.Release|Mixed Platforms.ActiveCfg = Release|Any CPU
		{E0D2E087-65C9-4198-BE73-60D4A07F2831}.Release|Mixed Platforms.Build.0 = Release|Any CPU
		{E0D2E087-65C9-4198-BE73-60D4A07F2831}.Release|x86.ActiveCfg = Release|Any CPU
		{26CCE4AC-2F37-430E-96CD-FFDE5ADAAC80}.Debug|Any CPU.ActiveCfg = Debug|Any CPU
		{26CCE4AC-2F37-430E-96CD-FFDE5ADAAC80}.Debug|Any CPU.Build.0 = Debug|Any CPU
		{26CCE4AC-2F37-430E-96CD-FFDE5ADAAC80}.Debug|Mixed Platforms.ActiveCfg = Debug|Any CPU
		{26CCE4AC-2F37-430E-96CD-FFDE5ADAAC80}.Debug|Mixed Platforms.Build.0 = Debug|Any CPU
		{26CCE4AC-2F37-430E-96CD-FFDE5ADAAC80}.Debug|x86.ActiveCfg = Debug|Any CPU
		{26CCE4AC-2F37-430E-96CD-FFDE5ADAAC80}.Release|Any CPU.ActiveCfg = Release|Any CPU
		{26CCE4AC-2F37-430E-96CD-FFDE5ADAAC80}.Release|Any CPU.Build.0 = Release|Any CPU
		{26CCE4AC-2F37-430E-96CD-FFDE5ADAAC80}.Release|Mixed Platforms.ActiveCfg = Release|Any CPU
		{26CCE4AC-2F37-430E-96CD-FFDE5ADAAC80}.Release|Mixed Platforms.Build.0 = Release|Any CPU
		{26CCE4AC-2F37-430E-96CD-FFDE5ADAAC80}.Release|x86.ActiveCfg = Release|Any CPU
		{3B0E27E9-4F29-4DCE-8F40-792CA2D84BD7}.Debug|Any CPU.ActiveCfg = Debug|x86
		{3B0E27E9-4F29-4DCE-8F40-792CA2D84BD7}.Debug|Mixed Platforms.ActiveCfg = Debug|x86
		{3B0E27E9-4F29-4DCE-8F40-792CA2D84BD7}.Debug|Mixed Platforms.Build.0 = Debug|x86
		{3B0E27E9-4F29-4DCE-8F40-792CA2D84BD7}.Debug|x86.ActiveCfg = Debug|x86
		{3B0E27E9-4F29-4DCE-8F40-792CA2D84BD7}.Debug|x86.Build.0 = Debug|x86
		{3B0E27E9-4F29-4DCE-8F40-792CA2D84BD7}.Release|Any CPU.ActiveCfg = Release|x86
		{3B0E27E9-4F29-4DCE-8F40-792CA2D84BD7}.Release|Mixed Platforms.ActiveCfg = Release|x86
		{3B0E27E9-4F29-4DCE-8F40-792CA2D84BD7}.Release|Mixed Platforms.Build.0 = Release|x86
		{3B0E27E9-4F29-4DCE-8F40-792CA2D84BD7}.Release|x86.ActiveCfg = Release|x86
		{3B0E27E9-4F29-4DCE-8F40-792CA2D84BD7}.Release|x86.Build.0 = Release|x86
		{09530FF7-D425-4172-B97C-795516A33470}.Debug|Any CPU.ActiveCfg = Debug|Any CPU
		{09530FF7-D425-4172-B97C-795516A33470}.Debug|Any CPU.Build.0 = Debug|Any CPU
		{09530FF7-D425-4172-B97C-795516A33470}.Debug|Mixed Platforms.ActiveCfg = Debug|Any CPU
		{09530FF7-D425-4172-B97C-795516A33470}.Debug|Mixed Platforms.Build.0 = Debug|Any CPU
		{09530FF7-D425-4172-B97C-795516A33470}.Debug|x86.ActiveCfg = Debug|Any CPU
		{09530FF7-D425-4172-B97C-795516A33470}.Release|Any CPU.ActiveCfg = Release|Any CPU
		{09530FF7-D425-4172-B97C-795516A33470}.Release|Any CPU.Build.0 = Release|Any CPU
		{09530FF7-D425-4172-B97C-795516A33470}.Release|Mixed Platforms.ActiveCfg = Release|Any CPU
		{09530FF7-D425-4172-B97C-795516A33470}.Release|Mixed Platforms.Build.0 = Release|Any CPU
		{09530FF7-D425-4172-B97C-795516A33470}.Release|x86.ActiveCfg = Release|Any CPU
	EndGlobalSection
	GlobalSection(SolutionProperties) = preSolution
		HideSolutionNode = FALSE
	EndGlobalSection
EndGlobal
