<?xml version="1.0" encoding="utf-8"?>
<Project ToolsVersion="4.0" xmlns="http://schemas.microsoft.com/developer/msbuild/2003">
  <ItemGroup>
    <Filter Include="Form Files">
      <UniqueIdentifier>{99349809-55BA-4b9d-BF79-8FDBB0286EB3}</UniqueIdentifier>
      <Extensions>ui</Extensions>
    </Filter>
    <Filter Include="Resource Files">
      <UniqueIdentifier>{D9D6E242-F8AF-46E4-B9FD-80ECBC20BA3E}</UniqueIdentifier>
      <Extensions>qrc;*</Extensions>
      <ParseFiles>false</ParseFiles>
    </Filter>
    <Filter Include="Generated Files">
      <UniqueIdentifier>{71ED8ED8-ACB9-4CE9-BBE1-E00B30144E11}</UniqueIdentifier>
      <Extensions>moc;h;cpp</Extensions>
      <SourceControlFiles>False</SourceControlFiles>
    </Filter>
    <Filter Include="Generated Files\Debug">
      <UniqueIdentifier>{47969c30-53c6-452a-a47f-915834a03ced}</UniqueIdentifier>
      <Extensions>cpp;moc</Extensions>
      <SourceControlFiles>False</SourceControlFiles>
    </Filter>
    <Filter Include="Generated Files\Release">
      <UniqueIdentifier>{03fbc1a1-3521-4ef5-9f72-fa094bada555}</UniqueIdentifier>
      <Extensions>cpp;moc</Extensions>
      <SourceControlFiles>False</SourceControlFiles>
    </Filter>
    <Filter Include="Game Files">
      <UniqueIdentifier>{4FC737F1-C7A5-4376-A066-2A32D752A2FF}</UniqueIdentifier>
      <Extensions>cpp;cxx;c;def</Extensions>
    </Filter>
    <Filter Include="Game Files\Editor">
      <UniqueIdentifier>{4a8d5205-d565-4801-a34a-63a166d36109}</UniqueIdentifier>
    </Filter>
    <Filter Include="Game Files\Engine">
      <UniqueIdentifier>{37ede0f9-9616-49a0-b9fd-dd81a04fecb2}</UniqueIdentifier>
    </Filter>
  </ItemGroup>
  <ItemGroup>
    <ClCompile Include="GeneratedFiles\qrc_HappySandbox.cpp">
      <Filter>Generated Files</Filter>
    </ClCompile>
    <ClCompile Include="GeneratedFiles\Debug\moc_HappySandbox.cpp">
      <Filter>Generated Files\Debug</Filter>
    </ClCompile>
    <ClCompile Include="GeneratedFiles\Release\moc_HappySandbox.cpp">
      <Filter>Generated Files\Release</Filter>
    </ClCompile>
    <ClCompile Include="GeneratedFiles\Debug\moc_HappyEngine.cpp">
      <Filter>Generated Files\Debug</Filter>
    </ClCompile>
    <ClCompile Include="GeneratedFiles\Release\moc_HappyEngine.cpp">
      <Filter>Generated Files\Release</Filter>
    </ClCompile>
    <ClCompile Include="GeneratedFiles\Debug\moc_HappyQtWidget.cpp">
      <Filter>Generated Files\Debug</Filter>
    </ClCompile>
    <ClCompile Include="GeneratedFiles\Release\moc_HappyQtWidget.cpp">
      <Filter>Generated Files\Release</Filter>
    </ClCompile>
    <ClCompile Include="code\FlyCamera.cpp">
      <Filter>Game Files\Editor</Filter>
    </ClCompile>
    <ClCompile Include="code\HappySandbox.cpp">
      <Filter>Game Files\Editor</Filter>
    </ClCompile>
    <ClCompile Include="code\main.cpp">
      <Filter>Game Files\Editor</Filter>
    </ClCompile>
    <ClCompile Include="code\MainGame.cpp">
      <Filter>Game Files\Editor</Filter>
    </ClCompile>
    <ClCompile Include="code\SceneInfo.cpp">
      <Filter>Game Files\Editor</Filter>
    </ClCompile>
    <ClCompile Include="code\TransformTools.cpp">
      <Filter>Game Files\Editor</Filter>
    </ClCompile>
    <ClCompile Include="code\ContentBrowser.cpp">
      <Filter>Game Files\Editor</Filter>
    </ClCompile>
    <ClCompile Include="GeneratedFiles\Debug\moc_ContentBrowser.cpp">
      <Filter>Generated Files\Debug</Filter>
    </ClCompile>
    <ClCompile Include="GeneratedFiles\Release\moc_ContentBrowser.cpp">
      <Filter>Generated Files\Release</Filter>
    </ClCompile>
    <ClCompile Include="code\EntityManager.cpp">
      <Filter>Game Files\Editor</Filter>
    </ClCompile>
    <ClCompile Include="code\ObjectSelecter.cpp">
      <Filter>Game Files\Editor</Filter>
    </ClCompile>
  </ItemGroup>
  <ItemGroup>
    <CustomBuild Include="HappySandbox.ui">
      <Filter>Form Files</Filter>
    </CustomBuild>
    <CustomBuild Include="HappySandbox.qrc">
      <Filter>Resource Files</Filter>
    </CustomBuild>
    <CustomBuild Include="..\HappyEngine\code\HappyEngine.h">
      <Filter>Game Files\Engine</Filter>
    </CustomBuild>
    <CustomBuild Include="..\HappyEngine\code\graphics\HappyQtWidget.h">
      <Filter>Game Files\Engine</Filter>
    </CustomBuild>
    <CustomBuild Include="code\HappySandbox.h">
      <Filter>Game Files\Editor</Filter>
    </CustomBuild>
    <CustomBuild Include="ContentBrowser.ui">
      <Filter>Form Files</Filter>
    </CustomBuild>
    <CustomBuild Include="code\ContentBrowser.h">
      <Filter>Game Files\Editor</Filter>
    </CustomBuild>
  </ItemGroup>
  <ItemGroup>
    <ClInclude Include="GeneratedFiles\ui_HappySandbox.h">
      <Filter>Generated Files</Filter>
    </ClInclude>
    <ClInclude Include="code\FlyCamera.h">
      <Filter>Game Files\Editor</Filter>
    </ClInclude>
    <ClInclude Include="code\MainGame.h">
      <Filter>Game Files\Editor</Filter>
    </ClInclude>
    <ClInclude Include="code\SceneInfo.h">
      <Filter>Game Files\Editor</Filter>
    </ClInclude>
    <ClInclude Include="code\TransformTools.h">
      <Filter>Game Files\Editor</Filter>
    </ClInclude>
    <ClInclude Include="GeneratedFiles\ui_ContentBrowser.h">
      <Filter>Generated Files</Filter>
    </ClInclude>
    <ClInclude Include="code\EntityManager.h">
      <Filter>Game Files\Editor</Filter>
    </ClInclude>
    <ClInclude Include="code\ObjectSelecter.h">
      <Filter>Game Files\Editor</Filter>
    </ClInclude>
  </ItemGroup>
</Project>