
Microsoft Visual Studio Solution File, Format Version 11.00
# Visual Studio 2010
Project("{8BC9CEB8-8B4A-11D0-8D11-00A0C91BC942}") = "HappyBasTest", "build\HappyBasTest\HappyBasTest.vcxproj", "{0DC8B6F5-8C03-4CBB-9FEB-53DDF5A03D1B}"
EndProject
Project("{8BC9CEB8-8B4A-11D0-8D11-00A0C91BC942}") = "HappyPong", "build\HappyPong\HappyPong.vcxproj", "{5DB078E9-BE9C-4747-863C-7383595C2926}"
EndProject
Global
	GlobalSection(SolutionConfigurationPlatforms) = preSolution
		Debug|Win32 = Debug|Win32
		Debug|x64 = Debug|x64
		Release|Win32 = Release|Win32
		Release|x64 = Release|x64
	EndGlobalSection
	GlobalSection(ProjectConfigurationPlatforms) = postSolution
		{0DC8B6F5-8C03-4CBB-9FEB-53DDF5A03D1B}.Debug|Win32.ActiveCfg = Debug|Win32
		{0DC8B6F5-8C03-4CBB-9FEB-53DDF5A03D1B}.Debug|Win32.Build.0 = Debug|Win32
		{0DC8B6F5-8C03-4CBB-9FEB-53DDF5A03D1B}.Debug|x64.ActiveCfg = Debug|x64
		{0DC8B6F5-8C03-4CBB-9FEB-53DDF5A03D1B}.Debug|x64.Build.0 = Debug|x64
		{0DC8B6F5-8C03-4CBB-9FEB-53DDF5A03D1B}.Release|Win32.ActiveCfg = Release|Win32
		{0DC8B6F5-8C03-4CBB-9FEB-53DDF5A03D1B}.Release|Win32.Build.0 = Release|Win32
		{0DC8B6F5-8C03-4CBB-9FEB-53DDF5A03D1B}.Release|x64.ActiveCfg = Release|x64
		{0DC8B6F5-8C03-4CBB-9FEB-53DDF5A03D1B}.Release|x64.Build.0 = Release|x64
		{5DB078E9-BE9C-4747-863C-7383595C2926}.Debug|Win32.ActiveCfg = Debug|Win32
		{5DB078E9-BE9C-4747-863C-7383595C2926}.Debug|Win32.Build.0 = Debug|Win32
		{5DB078E9-BE9C-4747-863C-7383595C2926}.Debug|x64.ActiveCfg = Debug|x64
		{5DB078E9-BE9C-4747-863C-7383595C2926}.Debug|x64.Build.0 = Debug|x64
		{5DB078E9-BE9C-4747-863C-7383595C2926}.Release|Win32.ActiveCfg = Release|Win32
		{5DB078E9-BE9C-4747-863C-7383595C2926}.Release|Win32.Build.0 = Release|Win32
		{5DB078E9-BE9C-4747-863C-7383595C2926}.Release|x64.ActiveCfg = Release|x64
		{5DB078E9-BE9C-4747-863C-7383595C2926}.Release|x64.Build.0 = Release|x64
	EndGlobalSection
	GlobalSection(SolutionProperties) = preSolution
		HideSolutionNode = FALSE
	EndGlobalSection
EndGlobal
