<?xml version="1.0" encoding="UTF-8" standalone="yes" ?>
<CodeBlocks_project_file>
	<FileVersion major="1" minor="6" />
	<Project>
		<Option title="HappyTest" />
		<Option pch_mode="2" />
		<Option compiler="gcc" />
		<Build>
			<Target title="Debug">
				<Option output="bin/HappyTest" prefix_auto="1" extension_auto="1" />
				<Option working_dir="bin" />
				<Option object_output="gcc/Debug/" />
				<Option type="1" />
				<Option compiler="gcc" />
				<Compiler>
					<Add option="-g" />
					<Add option="-D_DEBUG" />
				</Compiler>
			</Target>
			<Target title="Release">
				<Option output="bin/HappyTest" prefix_auto="1" extension_auto="1" />
				<Option object_output="gcc/Release/" />
				<Option type="1" />
				<Option compiler="gcc" />
				<Compiler>
					<Add option="-O2" />
					<Add option="-DNDEBUG" />
				</Compiler>
				<Linker>
					<Add option="-s" />
				</Linker>
			</Target>
		</Build>
		<Compiler>
			<Add option="-std=c++0x" />
			<Add option="-Wall" />
			<Add option="-DGCC" />
			<Add option="-DGLEW_STATIC" />
			<Add directory="../HappyEngine/code/" />
			<Add directory="../HappyEngine/code/audio" />
			<Add directory="../HappyEngine/code/content" />
			<Add directory="../HappyEngine/code/error" />
			<Add directory="../HappyEngine/code/game" />
			<Add directory="../HappyEngine/code/graphics" />
			<Add directory="../HappyEngine/code/io" />
			<Add directory="../HappyEngine/code/math" />
			<Add directory="../HappyEngine/code/networking" />
			<Add directory="../HappyEngine/code/physics" />
			<Add directory="../HappyEngine/code/tools" />
			<Add directory="$(#sdl_dir)/include" />
			<Add directory="$(#physx_dir)/PxTask/include" />
			<Add directory="$(#physx_dir)/PxFoundation" />
			<Add directory="$(#physx_dir)/PxFoundation/internal/include" />
			<Add directory="$(#physx_dir)/PhysXProfileSDK/sdk/include" />
			<Add directory="$(#physx_dir)/PhysXVisualDebuggerSDK/PVDCommLayer/Public" />
			<Add directory="$(#physx_dir)/PhysXAPI" />
			<Add directory="$(#physx_dir)/RepX/include" />
			<Add directory="$(#physx_dir)/PhysXAPI/characterkinematic" />
			<Add directory="$(#boost_dir)" />
			<Add directory="$(#al_dir)/include/AL" />
		</Compiler>
		<Linker>
			<Add library="HappyEngine" />
			<Add library="boost_system" />
			<Add library="boost_date_time" />
			<Add library="boost_thread" />
			<Add library="boost_regex" />
			<Add library="boost_chrono" />
			<Add library="SDL" />
			<Add library="GLEW" />
			<Add library="GL" />
			<Add library="PhysX3Cooking" />
			<Add library="PhysX3" />
			<Add library="SimulationController" />
			<Add library="LowLevel" />
			<Add library="PhysXProfileSDK" />
			<Add library="PhysX3Extensions" />
			<Add library="Foundation" />
			<Add library="SceneQuery" />
			<Add library="GeomUtils" />
			<Add library="PhysX3Common" />
			<Add library="PhysX3CharacterKinematic" />
			<Add library="PvdRuntime" />
			<Add library="RepX3" />
			<Add library="PxTask" />
			<Add library="PhysX3Vehicle" />
			<Add library="IL" />
			<Add library="openal" />
			<Add library="ILU" />
			<Add library="SDL_ttf" />
			<Add library="LowLevelCloth" />
			<Add library="RepXUpgrader3" />
			<Add library="PhysX3Cooking" />
			<Add library="PhysX3" />
			<Add library="SimulationController" />
			<Add library="LowLevel" />
			<Add library="PhysX3Extensions" />
			<Add library="Foundation" />
			<Add library="SceneQuery" />
			<Add library="GeomUtils" />
			<Add library="PhysX3Common" />
			<Add library="PhysX3CharacterKinematic" />
			<Add library="PvdRuntime" />
			<Add library="RepX3" />
			<Add library="PxTask" />
			<Add library="PhysX3Vehicle" />
			<Add directory="../HappyEngine/bin" />
			<Add directory="$(#boost_dir)/stage/lib" />
			<Add directory="$(#sdl_dir)/build/.libs" />
			<Add directory="$(#physx_dir.lib)/" />
		</Linker>
		<Unit filename="FlyCamera.cpp" />
		<Unit filename="FlyCamera.h" />
		<Unit filename="FollowCamera.cpp" />
		<Unit filename="FollowCamera.h" />
		<Unit filename="MainGame.cpp" />
		<Unit filename="MainGame.h" />
		<Unit filename="MyClient.cpp" />
		<Unit filename="MyClient.h" />
		<Unit filename="MyServer.cpp" />
		<Unit filename="MyServer.h" />
		<Unit filename="PhysicsData.h" />
		<Unit filename="TestObject.cpp" />
		<Unit filename="TestObject.h" />
		<Unit filename="VertexPNT.cpp" />
		<Unit filename="VertexPNT.h" />
		<Unit filename="X.cpp" />
		<Unit filename="X.h" />
		<Unit filename="main.cpp" />
		<Extensions>
			<code_completion />
			<debugger />
		</Extensions>
	</Project>
</CodeBlocks_project_file>
