<?xml version="1.0" encoding="utf-8"?>
<Project ToolsVersion="4.0" xmlns="http://schemas.microsoft.com/developer/msbuild/2003">
  <ItemGroup>
    <Filter Include="Form Files">
      <UniqueIdentifier>{99349809-55BA-4b9d-BF79-8FDBB0286EB3}</UniqueIdentifier>
      <Extensions>ui</Extensions>
    </Filter>
    <Filter Include="Resource Files">
      <UniqueIdentifier>{D9D6E242-F8AF-46E4-B9FD-80ECBC20BA3E}</UniqueIdentifier>
      <Extensions>qrc;*</Extensions>
      <ParseFiles>false</ParseFiles>
    </Filter>
    <Filter Include="Generated Files">
      <UniqueIdentifier>{71ED8ED8-ACB9-4CE9-BBE1-E00B30144E11}</UniqueIdentifier>
      <Extensions>moc;h;cpp</Extensions>
      <SourceControlFiles>False</SourceControlFiles>
    </Filter>
    <Filter Include="Generated Files\Debug">
      <UniqueIdentifier>{a16ca9c8-542f-4f0b-bd1d-22c08101331c}</UniqueIdentifier>
      <Extensions>cpp;moc</Extensions>
      <SourceControlFiles>False</SourceControlFiles>
    </Filter>
    <Filter Include="Generated Files\Release">
      <UniqueIdentifier>{5933f32e-2a88-4250-b4f1-18909e02535e}</UniqueIdentifier>
      <Extensions>cpp;moc</Extensions>
      <SourceControlFiles>False</SourceControlFiles>
    </Filter>
    <Filter Include="Game Files">
      <UniqueIdentifier>{4FC737F1-C7A5-4376-A066-2A32D752A2FF}</UniqueIdentifier>
      <Extensions>cpp;cxx;c;def</Extensions>
    </Filter>
    <Filter Include="Engine Files">
      <UniqueIdentifier>{f96ebbd3-4622-4a8e-9e5e-8430571603db}</UniqueIdentifier>
    </Filter>
  </ItemGroup>
  <ItemGroup>
    <ClCompile Include="main.cpp">
      <Filter>Game Files</Filter>
    </ClCompile>
    <ClCompile Include="HappyQtTest.cpp">
      <Filter>Game Files</Filter>
    </ClCompile>
    <ClCompile Include="GeneratedFiles\Debug\moc_HappyQtTest.cpp">
      <Filter>Generated Files\Debug</Filter>
    </ClCompile>
    <ClCompile Include="GeneratedFiles\Release\moc_HappyQtTest.cpp">
      <Filter>Generated Files\Release</Filter>
    </ClCompile>
    <ClCompile Include="GeneratedFiles\qrc_HappyQtTest.cpp">
      <Filter>Generated Files</Filter>
    </ClCompile>
    <ClCompile Include="TestObject.cpp">
      <Filter>Game Files</Filter>
    </ClCompile>
    <ClCompile Include="VertexPNT.cpp">
      <Filter>Game Files</Filter>
    </ClCompile>
    <ClCompile Include="FlyCamera.cpp">
      <Filter>Game Files</Filter>
    </ClCompile>
    <ClCompile Include="MainGame.cpp">
      <Filter>Game Files</Filter>
    </ClCompile>
    <ClCompile Include="GeneratedFiles\Debug\moc_HappyEngine.cpp">
      <Filter>Generated Files\Debug</Filter>
    </ClCompile>
    <ClCompile Include="GeneratedFiles\Release\moc_HappyEngine.cpp">
      <Filter>Generated Files\Release</Filter>
    </ClCompile>
    <ClCompile Include="GeneratedFiles\Debug\moc_HappyQtWidget.cpp">
      <Filter>Generated Files\Debug</Filter>
    </ClCompile>
    <ClCompile Include="GeneratedFiles\Release\moc_HappyQtWidget.cpp">
      <Filter>Generated Files\Release</Filter>
    </ClCompile>
  </ItemGroup>
  <ItemGroup>
    <CustomBuild Include="HappyQtTest.ui">
      <Filter>Form Files</Filter>
    </CustomBuild>
    <CustomBuild Include="HappyQtTest.qrc">
      <Filter>Resource Files</Filter>
    </CustomBuild>
    <CustomBuild Include="HappyQtTest.h">
      <Filter>Game Files</Filter>
    </CustomBuild>
    <CustomBuild Include="..\HappyEngine\code\graphics\HappyQtWidget.h">
      <Filter>Engine Files</Filter>
    </CustomBuild>
    <CustomBuild Include="..\HappyEngine\code\HappyEngine.h">
      <Filter>Engine Files</Filter>
    </CustomBuild>
  </ItemGroup>
  <ItemGroup>
    <ClInclude Include="GeneratedFiles\ui_HappyQtTest.h">
      <Filter>Generated Files</Filter>
    </ClInclude>
    <ClInclude Include="TestObject.h">
      <Filter>Game Files</Filter>
    </ClInclude>
    <ClInclude Include="VertexPNT.h">
      <Filter>Game Files</Filter>
    </ClInclude>
    <ClInclude Include="FlyCamera.h">
      <Filter>Game Files</Filter>
    </ClInclude>
    <ClInclude Include="MainGame.h">
      <Filter>Game Files</Filter>
    </ClInclude>
  </ItemGroup>
</Project>