<?xml version="1.0" encoding="utf-8"?>
<Project ToolsVersion="4.0" xmlns="http://schemas.microsoft.com/developer/msbuild/2003">
  <ItemGroup>
    <Filter Include="happyengine">
      <UniqueIdentifier>{4FC737F1-C7A5-4376-A066-2A32D752A2FF}</UniqueIdentifier>
      <Extensions>cpp;c;cc;cxx;def;odl;idl;hpj;bat;asm;asmx</Extensions>
    </Filter>
    <Filter Include="happyengine\audio">
      <UniqueIdentifier>{b92fc61f-7d3b-454a-a3ae-9b08bf6ac24d}</UniqueIdentifier>
    </Filter>
    <Filter Include="happyengine\content">
      <UniqueIdentifier>{b5c1b4ae-1a1d-4dbb-9512-f601255f6b81}</UniqueIdentifier>
    </Filter>
    <Filter Include="happyengine\error">
      <UniqueIdentifier>{2a335150-4829-4cb2-b72e-1d6f5b57d84c}</UniqueIdentifier>
    </Filter>
    <Filter Include="happyengine\game">
      <UniqueIdentifier>{8b074e8a-b997-4ac7-884d-76f3bd7e4f7c}</UniqueIdentifier>
    </Filter>
    <Filter Include="happyengine\graphics">
      <UniqueIdentifier>{09e62c86-71c1-42f2-a6ea-34bb4bda4c3a}</UniqueIdentifier>
    </Filter>
    <Filter Include="happyengine\io">
      <UniqueIdentifier>{8a973bba-4796-4903-bdcc-b591ecf4936f}</UniqueIdentifier>
    </Filter>
    <Filter Include="happyengine\math">
      <UniqueIdentifier>{b2da78b4-adb7-4407-b4fd-3e404f46a2a1}</UniqueIdentifier>
    </Filter>
    <Filter Include="happyengine\networking">
      <UniqueIdentifier>{cfb27d51-3b71-413c-ab9c-4dec52d5f9d2}</UniqueIdentifier>
    </Filter>
    <Filter Include="happyengine\physics">
      <UniqueIdentifier>{83d24057-e96f-41be-979f-1f0b11b33c1b}</UniqueIdentifier>
    </Filter>
    <Filter Include="happyengine\template">
      <UniqueIdentifier>{c96ef572-b747-41e7-91b9-1c732931b4f8}</UniqueIdentifier>
    </Filter>
    <Filter Include="happyengine\tools">
      <UniqueIdentifier>{a409c7a0-f663-490c-9d53-2cfe5fd03e70}</UniqueIdentifier>
    </Filter>
    <Filter Include="happyengine\graphics\light">
      <UniqueIdentifier>{c37f6bf1-e922-4f8c-9827-674c1ec4529c}</UniqueIdentifier>
    </Filter>
    <Filter Include="happyengine\graphics\material">
      <UniqueIdentifier>{51f036ce-23dc-4044-8152-5d90d1537473}</UniqueIdentifier>
    </Filter>
    <Filter Include="happyengine\graphics\rendering">
      <UniqueIdentifier>{948b6541-842f-4489-8092-8daa63f6806a}</UniqueIdentifier>
    </Filter>
    <Filter Include="happyengine\graphics\rendering\deferred">
      <UniqueIdentifier>{8f6bfd73-75d8-41f0-8754-3b64a5ee31b4}</UniqueIdentifier>
    </Filter>
    <Filter Include="happyengine\game\components">
      <UniqueIdentifier>{5aab81c4-d941-4264-bbdf-33705b0e2126}</UniqueIdentifier>
    </Filter>
    <Filter Include="happyengine\game\serialize">
      <UniqueIdentifier>{71211a36-ea2c-473d-8a43-905ef4efc4ab}</UniqueIdentifier>
    </Filter>
    <Filter Include="happyengine\graphics\model">
      <UniqueIdentifier>{c2ea999c-fd95-4d75-84db-ee21a4c295a7}</UniqueIdentifier>
    </Filter>
    <Filter Include="happyengine\graphics\gui">
      <UniqueIdentifier>{e3f48277-3fa6-4f32-8c59-e4dff2a0e546}</UniqueIdentifier>
    </Filter>
    <Filter Include="happyengine\content\model">
      <UniqueIdentifier>{36bc8286-ef47-4e72-b8f5-a09a4f511ee6}</UniqueIdentifier>
    </Filter>
    <Filter Include="happyengine\physics\shapes">
      <UniqueIdentifier>{4eeb95cb-74a4-41d4-b757-4d6624ffc6a3}</UniqueIdentifier>
    </Filter>
    <Filter Include="happyengine\graphics\QT">
      <UniqueIdentifier>{f5ff196e-8eb8-498a-86db-ef0bda1b2b43}</UniqueIdentifier>
    </Filter>
    <Filter Include="happyengine\tools\console">
      <UniqueIdentifier>{edcf7455-17f1-4366-8d5f-a3a188bf04d7}</UniqueIdentifier>
    </Filter>
    <Filter Include="happyengine\io\mouse">
      <UniqueIdentifier>{14d78ab2-177b-492c-9585-3a0a64f26502}</UniqueIdentifier>
    </Filter>
    <Filter Include="happyengine\io\keyboard">
      <UniqueIdentifier>{eeb44e11-3477-47bd-943f-fcc213af81e9}</UniqueIdentifier>
    </Filter>
    <Filter Include="happyengine\graphics\rendering\forward">
      <UniqueIdentifier>{39bf1484-b179-4164-9b0e-9d424c03e78f}</UniqueIdentifier>
    </Filter>
    <Filter Include="happyengine\graphics\rendering\2d">
      <UniqueIdentifier>{02443ead-bb6c-4ba4-9dcc-bae0f067ae85}</UniqueIdentifier>
    </Filter>
    <Filter Include="happyengine\graphics\model\2d">
      <UniqueIdentifier>{57adf67a-4713-451a-80c6-b59b352c7a7d}</UniqueIdentifier>
    </Filter>
    <Filter Include="happyengine\graphics\picking">
      <UniqueIdentifier>{7c69c16e-994c-4601-a223-0cc809fdbe73}</UniqueIdentifier>
    </Filter>
    <Filter Include="happyengine\graphics\fx">
      <UniqueIdentifier>{0fd9a8e5-5653-4ac1-94d9-24e267087dde}</UniqueIdentifier>
    </Filter>
    <Filter Include="happyengine\graphics\rendering\instancing">
      <UniqueIdentifier>{fd11c0a3-3308-4ec7-a8eb-0a6c980b73b3}</UniqueIdentifier>
    </Filter>
    <Filter Include="happyengine\physics\joints">
      <UniqueIdentifier>{ef5d7f97-1776-479e-8e22-b7cf44b5b22e}</UniqueIdentifier>
    </Filter>
    <Filter Include="happyengine\graphics\rendering\post">
      <UniqueIdentifier>{e916f496-5fbe-4e6d-9379-1a26f2a7fb87}</UniqueIdentifier>
    </Filter>
    <Filter Include="happyengine\graphics\rendering\manager">
      <UniqueIdentifier>{9d2a6ac4-a641-4108-a689-452f4e640388}</UniqueIdentifier>
    </Filter>
    <Filter Include="happyengine\graphics\rendering\shadow">
      <UniqueIdentifier>{86370e63-708d-4f2b-b468-9f985d59e357}</UniqueIdentifier>
    </Filter>
    <Filter Include="happyengine\graphics\fx\var">
      <UniqueIdentifier>{3e8e208e-d7ae-4166-9a60-17201943cc22}</UniqueIdentifier>
    </Filter>
    <Filter Include="happyengine\graphics\fx\components">
      <UniqueIdentifier>{469e912e-112f-4dbe-af49-2dd7b12cdc4b}</UniqueIdentifier>
    </Filter>
    <Filter Include="happyengine\graphics\fx\components\particles">
      <UniqueIdentifier>{4b68c49d-a081-42e4-a0b8-0083688ae945}</UniqueIdentifier>
    </Filter>
    <Filter Include="happyengine\graphics\fx\components\particles\components">
      <UniqueIdentifier>{3a31b99f-382c-4d52-9130-003dfe051953}</UniqueIdentifier>
    </Filter>
  </ItemGroup>
  <ItemGroup>
    <ClCompile Include="code\content\BinObjLineLoader.cpp">
      <Filter>happyengine\content</Filter>
    </ClCompile>
    <ClCompile Include="code\content\ContentManager.cpp">
      <Filter>happyengine\content</Filter>
    </ClCompile>
    <ClCompile Include="code\content\FontLoader.cpp">
      <Filter>happyengine\content</Filter>
    </ClCompile>
    <ClCompile Include="code\content\LineLoader.cpp">
      <Filter>happyengine\content</Filter>
    </ClCompile>
    <ClCompile Include="code\content\ObjLineLoader.cpp">
      <Filter>happyengine\content</Filter>
    </ClCompile>
    <ClCompile Include="code\content\PhysicsShapeLoader.cpp">
      <Filter>happyengine\content</Filter>
    </ClCompile>
    <ClCompile Include="code\content\ShaderLoader.cpp">
      <Filter>happyengine\content</Filter>
    </ClCompile>
    <ClCompile Include="code\content\ShaderPreProcessor.cpp">
      <Filter>happyengine\content</Filter>
    </ClCompile>
    <ClCompile Include="code\content\TextureLoader.cpp">
      <Filter>happyengine\content</Filter>
    </ClCompile>
    <ClCompile Include="code\error\Exception.cpp">
      <Filter>happyengine\error</Filter>
    </ClCompile>
    <ClCompile Include="code\error\ExternalError.cpp">
      <Filter>happyengine\error</Filter>
    </ClCompile>
    <ClCompile Include="code\error\FileNotFoundException.cpp">
      <Filter>happyengine\error</Filter>
    </ClCompile>
    <ClCompile Include="code\game\Entity.cpp">
      <Filter>happyengine\game</Filter>
    </ClCompile>
    <ClCompile Include="code\graphics\Color.cpp">
      <Filter>happyengine\graphics</Filter>
    </ClCompile>
    <ClCompile Include="code\graphics\Hitregion.cpp">
      <Filter>happyengine\graphics</Filter>
    </ClCompile>
    <ClCompile Include="code\graphics\Texture2D.cpp">
      <Filter>happyengine\graphics</Filter>
    </ClCompile>
    <ClCompile Include="code\graphics\Vertex.cpp">
      <Filter>happyengine\graphics</Filter>
    </ClCompile>
    <ClCompile Include="code\io\BinaryStream.cpp">
      <Filter>happyengine\io</Filter>
    </ClCompile>
    <ClCompile Include="code\io\ControlsManager.cpp">
      <Filter>happyengine\io</Filter>
    </ClCompile>
    <ClCompile Include="code\io\FileReader.cpp">
      <Filter>happyengine\io</Filter>
    </ClCompile>
    <ClCompile Include="code\io\IniReader.cpp">
      <Filter>happyengine\io</Filter>
    </ClCompile>
    <ClCompile Include="code\io\IniWriter.cpp">
      <Filter>happyengine\io</Filter>
    </ClCompile>
    <ClCompile Include="code\math\AABB.cpp">
      <Filter>happyengine\math</Filter>
    </ClCompile>
    <ClCompile Include="code\math\Circle.cpp">
      <Filter>happyengine\math</Filter>
    </ClCompile>
    <ClCompile Include="code\math\mat33.cpp">
      <Filter>happyengine\math</Filter>
    </ClCompile>
    <ClCompile Include="code\math\mat44.cpp">
      <Filter>happyengine\math</Filter>
    </ClCompile>
    <ClCompile Include="code\math\Random.cpp">
      <Filter>happyengine\math</Filter>
    </ClCompile>
    <ClCompile Include="code\math\Rect.cpp">
      <Filter>happyengine\math</Filter>
    </ClCompile>
    <ClCompile Include="code\math\Sphere.cpp">
      <Filter>happyengine\math</Filter>
    </ClCompile>
    <ClCompile Include="code\math\vec2.cpp">
      <Filter>happyengine\math</Filter>
    </ClCompile>
    <ClCompile Include="code\math\vec3.cpp">
      <Filter>happyengine\math</Filter>
    </ClCompile>
    <ClCompile Include="code\math\vec4.cpp">
      <Filter>happyengine\math</Filter>
    </ClCompile>
    <ClCompile Include="code\networking\Client.cpp">
      <Filter>happyengine\networking</Filter>
    </ClCompile>
    <ClCompile Include="code\networking\Message.cpp">
      <Filter>happyengine\networking</Filter>
    </ClCompile>
    <ClCompile Include="code\networking\NetworkManager.cpp">
      <Filter>happyengine\networking</Filter>
    </ClCompile>
    <ClCompile Include="code\networking\Server.cpp">
      <Filter>happyengine\networking</Filter>
    </ClCompile>
    <ClCompile Include="code\HappyEngine.cpp">
      <Filter>happyengine</Filter>
    </ClCompile>
    <ClCompile Include="code\physics\PhysicsDynamicActor.cpp">
      <Filter>happyengine\physics</Filter>
    </ClCompile>
    <ClCompile Include="code\physics\PhysicsEngine.cpp">
      <Filter>happyengine\physics</Filter>
    </ClCompile>
    <ClCompile Include="code\physics\PhysicsMaterial.cpp">
      <Filter>happyengine\physics</Filter>
    </ClCompile>
    <ClCompile Include="code\physics\PhysicsStaticActor.cpp">
      <Filter>happyengine\physics</Filter>
    </ClCompile>
    <ClCompile Include="code\template\X.cpp">
      <Filter>happyengine\template</Filter>
    </ClCompile>
    <ClCompile Include="code\tools\FPSGraph.cpp">
      <Filter>happyengine\tools</Filter>
    </ClCompile>
    <ClCompile Include="code\graphics\PointLight.cpp">
      <Filter>happyengine\graphics\light</Filter>
    </ClCompile>
    <ClCompile Include="code\graphics\Light.cpp">
      <Filter>happyengine\graphics\light</Filter>
    </ClCompile>
    <ClCompile Include="code\graphics\LightManager.cpp">
      <Filter>happyengine\graphics\light</Filter>
    </ClCompile>
    <ClCompile Include="code\graphics\SpotLight.cpp">
      <Filter>happyengine\graphics\light</Filter>
    </ClCompile>
    <ClCompile Include="code\graphics\Deferred3DRenderer.cpp">
      <Filter>happyengine\graphics\rendering\deferred</Filter>
    </ClCompile>
    <ClCompile Include="code\graphics\Shader.cpp">
      <Filter>happyengine\graphics\material</Filter>
    </ClCompile>
    <ClCompile Include="code\graphics\ShaderLayout.cpp">
      <Filter>happyengine\graphics\material</Filter>
    </ClCompile>
    <ClCompile Include="code\graphics\Material.cpp">
      <Filter>happyengine\graphics\material</Filter>
    </ClCompile>
    <ClCompile Include="code\graphics\DirectionalLight.cpp">
      <Filter>happyengine\graphics\light</Filter>
    </ClCompile>
    <ClCompile Include="code\OpenGL.cpp">
      <Filter>happyengine</Filter>
    </ClCompile>
    <ClCompile Include="code\audio\SoundEngine.cpp">
      <Filter>happyengine\audio</Filter>
    </ClCompile>
    <ClCompile Include="code\audio\Sound2D.cpp">
      <Filter>happyengine\audio</Filter>
    </ClCompile>
    <ClCompile Include="code\audio\Sound3D.cpp">
      <Filter>happyengine\audio</Filter>
    </ClCompile>
    <ClCompile Include="code\graphics\GraphicsEngine.cpp">
      <Filter>happyengine\graphics\rendering</Filter>
    </ClCompile>
    <ClCompile Include="code\game\ModelComponent.cpp">
      <Filter>happyengine\game\components</Filter>
    </ClCompile>
    <ClCompile Include="code\error\HeAssert.cpp">
      <Filter>happyengine\error</Filter>
    </ClCompile>
    <ClCompile Include="code\game\SerializerStream.cpp">
      <Filter>happyengine\game\serialize</Filter>
    </ClCompile>
    <ClCompile Include="code\graphics\ModelMesh.cpp">
      <Filter>happyengine\graphics\model</Filter>
    </ClCompile>
    <ClCompile Include="code\graphics\Model.cpp">
      <Filter>happyengine\graphics\model</Filter>
    </ClCompile>
    <ClCompile Include="code\graphics\Line.cpp">
      <Filter>happyengine\graphics\model</Filter>
    </ClCompile>
    <ClCompile Include="code\graphics\Button.cpp">
      <Filter>happyengine\graphics\gui</Filter>
    </ClCompile>
    <ClCompile Include="code\graphics\Text.cpp">
      <Filter>happyengine\graphics\gui</Filter>
    </ClCompile>
    <ClCompile Include="code\graphics\TextBox.cpp">
      <Filter>happyengine\graphics\gui</Filter>
    </ClCompile>
    <ClCompile Include="code\graphics\Font.cpp">
      <Filter>happyengine\graphics\gui</Filter>
    </ClCompile>
    <ClCompile Include="code\graphics\Scrollbar.cpp">
      <Filter>happyengine\graphics\gui</Filter>
    </ClCompile>
    <ClCompile Include="code\graphics\Bone.cpp">
      <Filter>happyengine\graphics\model</Filter>
    </ClCompile>
    <ClCompile Include="code\game\RiggedModelComponent.cpp">
      <Filter>happyengine\game\components</Filter>
    </ClCompile>
    <ClCompile Include="code\content\BinObjLoader.cpp">
      <Filter>happyengine\content\model</Filter>
    </ClCompile>
    <ClCompile Include="code\content\ModelLoader.cpp">
      <Filter>happyengine\content\model</Filter>
    </ClCompile>
    <ClCompile Include="code\content\ModelLoaderFunctions.cpp">
      <Filter>happyengine\content\model</Filter>
    </ClCompile>
    <ClCompile Include="code\content\ObjLoader.cpp">
      <Filter>happyengine\content\model</Filter>
    </ClCompile>
    <ClCompile Include="code\content\MaterialLoader.cpp">
      <Filter>happyengine\content</Filter>
    </ClCompile>
    <ClCompile Include="code\game\DynamicPhysicsComponent.cpp">
      <Filter>happyengine\game\components</Filter>
    </ClCompile>
    <ClCompile Include="code\physics\PhysicsBoxShape.cpp">
      <Filter>happyengine\physics\shapes</Filter>
    </ClCompile>
    <ClCompile Include="code\physics\PhysicsConvexShape.cpp">
      <Filter>happyengine\physics\shapes</Filter>
    </ClCompile>
    <ClCompile Include="code\physics\PhysicsSphereShape.cpp">
      <Filter>happyengine\physics\shapes</Filter>
    </ClCompile>
    <ClCompile Include="code\physics\PhysicsConvexMesh.cpp">
      <Filter>happyengine\physics\shapes</Filter>
    </ClCompile>
    <ClCompile Include="code\game\StaticPhysicsComponent.cpp">
      <Filter>happyengine\game\components</Filter>
    </ClCompile>
    <ClCompile Include="code\physics\PhysicsConcaveShape.cpp">
      <Filter>happyengine\physics\shapes</Filter>
    </ClCompile>
    <ClCompile Include="code\physics\PhysicsConcaveMesh.cpp">
      <Filter>happyengine\physics\shapes</Filter>
    </ClCompile>
    <ClCompile Include="code\graphics\HappyQtWidget.cpp">
      <Filter>happyengine\graphics\QT</Filter>
    </ClCompile>
    <ClCompile Include="code\io\Mouse.cpp">
      <Filter>happyengine\io\mouse</Filter>
    </ClCompile>
    <ClCompile Include="code\io\QtMouse.cpp">
      <Filter>happyengine\io\mouse</Filter>
    </ClCompile>
    <ClCompile Include="code\tools\Console.cpp">
      <Filter>happyengine\tools\console</Filter>
    </ClCompile>
    <ClCompile Include="code\tools\Grid.cpp">
      <Filter>happyengine\tools</Filter>
    </ClCompile>
    <ClCompile Include="code\graphics\Camera.cpp">
      <Filter>happyengine\graphics\rendering</Filter>
    </ClCompile>
    <ClCompile Include="code\audio\SoundFile.cpp">
      <Filter>happyengine\audio</Filter>
    </ClCompile>
    <ClCompile Include="code\io\Keyboard.cpp">
      <Filter>happyengine\io\keyboard</Filter>
    </ClCompile>
    <ClCompile Include="code\io\QtKeyboard.cpp">
      <Filter>happyengine\io\keyboard</Filter>
    </ClCompile>
    <ClCompile Include="code\graphics\Happy2DRenderer.cpp">
      <Filter>happyengine\graphics\rendering\2d</Filter>
    </ClCompile>
    <ClCompile Include="code\graphics\BillboardEffect.cpp">
      <Filter>happyengine\graphics\rendering\forward</Filter>
    </ClCompile>
    <ClCompile Include="code\physics\PhysicsCar.cpp">
      <Filter>happyengine\physics</Filter>
    </ClCompile>
    <ClCompile Include="code\graphics\SimpleColorEffect.cpp">
      <Filter>happyengine\graphics\rendering\forward</Filter>
    </ClCompile>
    <ClCompile Include="code\graphics\PickEffect.cpp">
      <Filter>happyengine\graphics\picking</Filter>
    </ClCompile>
    <ClCompile Include="code\graphics\Picker.cpp">
      <Filter>happyengine\graphics\picking</Filter>
    </ClCompile>
    <ClCompile Include="code\graphics\Ellipse2D.cpp">
      <Filter>happyengine\graphics\model\2d</Filter>
    </ClCompile>
    <ClCompile Include="code\graphics\Line2D.cpp">
      <Filter>happyengine\graphics\model\2d</Filter>
    </ClCompile>
    <ClCompile Include="code\graphics\Polygon2D.cpp">
      <Filter>happyengine\graphics\model\2d</Filter>
    </ClCompile>
    <ClCompile Include="code\graphics\Rectangle2D.cpp">
      <Filter>happyengine\graphics\model\2d</Filter>
    </ClCompile>
    <ClCompile Include="code\graphics\RoundedRectangle2D.cpp">
      <Filter>happyengine\graphics\model\2d</Filter>
    </ClCompile>
    <ClCompile Include="code\graphics\Simple2DEffect.cpp">
      <Filter>happyengine\graphics\rendering\2d</Filter>
    </ClCompile>
    <ClCompile Include="code\graphics\Simple2DTextureEffect.cpp">
      <Filter>happyengine\graphics\rendering\2d</Filter>
    </ClCompile>
    <ClCompile Include="code\math\Polygon.cpp">
      <Filter>happyengine\math</Filter>
    </ClCompile>
    <ClCompile Include="code\math\Triangulator.cpp">
      <Filter>happyengine\math</Filter>
    </ClCompile>
    <ClCompile Include="code\physics\PhysicsCarManager.cpp">
      <Filter>happyengine\physics</Filter>
    </ClCompile>
    <ClCompile Include="code\tools\Profiler.cpp">
      <Filter>happyengine\tools</Filter>
    </ClCompile>
    <ClCompile Include="code\tools\HappyFxEditorBinding.cpp">
      <Filter>happyengine\tools</Filter>
    </ClCompile>
    <ClCompile Include="code\networking\TcpServer.cpp">
      <Filter>happyengine\networking</Filter>
    </ClCompile>
    <ClCompile Include="code\HappyPCH.cpp">
      <Filter>happyengine</Filter>
    </ClCompile>
    <ClCompile Include="code\game\CameraManager.cpp">
      <Filter>happyengine\game</Filter>
    </ClCompile>
    <ClCompile Include="code\graphics\InstancingController.cpp">
      <Filter>happyengine\graphics\rendering\instancing</Filter>
    </ClCompile>
    <ClCompile Include="code\graphics\InstancingManager.cpp">
      <Filter>happyengine\graphics\rendering\instancing</Filter>
    </ClCompile>
    <ClCompile Include="code\game\InstancedModelComponent.cpp">
      <Filter>happyengine\game\components</Filter>
    </ClCompile>
    <ClCompile Include="code\physics\PhysicsFixedJoint.cpp">
      <Filter>happyengine\physics\joints</Filter>
    </ClCompile>
    <ClCompile Include="code\physics\PhysicsSphericalJoint.cpp">
      <Filter>happyengine\physics\joints</Filter>
    </ClCompile>
    <ClCompile Include="code\physics\PhysicsRevoluteJoint.cpp">
      <Filter>happyengine\physics\joints</Filter>
    </ClCompile>
    <ClCompile Include="code\graphics\AutoExposure.cpp">
      <Filter>happyengine\graphics\rendering\post</Filter>
    </ClCompile>
    <ClCompile Include="code\graphics\Bloom.cpp">
      <Filter>happyengine\graphics\rendering\post</Filter>
    </ClCompile>
    <ClCompile Include="code\graphics\ShadowCaster.cpp">
      <Filter>happyengine\graphics\rendering\shadow</Filter>
    </ClCompile>
    <ClCompile Include="code\graphics\DrawListContainer.cpp">
      <Filter>happyengine\graphics\rendering\manager</Filter>
    </ClCompile>
    <ClCompile Include="code\graphics\DrawManager.cpp">
      <Filter>happyengine\graphics\rendering\manager</Filter>
    </ClCompile>
    <ClCompile Include="code\graphics\PostProcesser.cpp">
      <Filter>happyengine\graphics\rendering\post</Filter>
    </ClCompile>
    <ClCompile Include="code\graphics\Forward3DRenderer.cpp">
      <Filter>happyengine\graphics\rendering\forward</Filter>
    </ClCompile>
    <ClCompile Include="code\graphics\DefaultSingleDrawable.cpp">
      <Filter>happyengine\graphics</Filter>
    </ClCompile>
    <ClCompile Include="code\graphics\DefaultSkinnedDrawable.cpp">
      <Filter>happyengine\graphics</Filter>
    </ClCompile>
    <ClCompile Include="code\graphics\fx\FxTimeLine.cpp">
      <Filter>happyengine\graphics\fx</Filter>
    </ClCompile>
    <ClCompile Include="code\graphics\fx\FxTimeLineTrack.cpp">
      <Filter>happyengine\graphics\fx</Filter>
    </ClCompile>
    <ClCompile Include="code\graphics\fx\FxParticleContainer.cpp">
      <Filter>happyengine\graphics\fx\components\particles</Filter>
    </ClCompile>
    <ClCompile Include="code\graphics\fx\FxParticleSystem.cpp">
      <Filter>happyengine\graphics\fx\components\particles</Filter>
    </ClCompile>
    <ClCompile Include="code\graphics\fx\FxRandom.cpp">
      <Filter>happyengine\graphics\fx\var</Filter>
    </ClCompile>
    <ClCompile Include="code\graphics\fx\FxCameraEffect.cpp">
      <Filter>happyengine\graphics\fx\components</Filter>
    </ClCompile>
    <ClCompile Include="code\graphics\fx\FxParticleColor.cpp">
      <Filter>happyengine\graphics\fx\components\particles\components</Filter>
    </ClCompile>
    <ClCompile Include="code\graphics\fx\FxParticleForce.cpp">
      <Filter>happyengine\graphics\fx\components\particles\components</Filter>
    </ClCompile>
    <ClCompile Include="code\graphics\fx\FxParticleRotation.cpp">
      <Filter>happyengine\graphics\fx\components\particles\components</Filter>
    </ClCompile>
    <ClCompile Include="code\graphics\fx\FxParticleScale.cpp">
      <Filter>happyengine\graphics\fx\components\particles\components</Filter>
    </ClCompile>
    <ClCompile Include="code\graphics\fx\FxParticleSpeed.cpp">
      <Filter>happyengine\graphics\fx\components\particles\components</Filter>
    </ClCompile>
    <ClCompile Include="code\graphics\DynamicBuffer.cpp">
      <Filter>happyengine\graphics\rendering</Filter>
    </ClCompile>
    <ClCompile Include="code\graphics\BufferLayout.cpp">
      <Filter>happyengine\graphics</Filter>
    </ClCompile>
    <ClCompile Include="code\graphics\InstancingBuffer.cpp">
      <Filter>happyengine\graphics\rendering\instancing</Filter>
    </ClCompile>
    <ClCompile Include="code\tools\LoadingScreen.cpp">
      <Filter>happyengine\tools</Filter>
    </ClCompile>
    <ClCompile Include="code\game\FxComponent.cpp">
      <Filter>happyengine\game\components</Filter>
    </ClCompile>
    <ClCompile Include="code\graphics\fx\FxParticleLocation.cpp">
      <Filter>happyengine\graphics\fx\components\particles\components</Filter>
    </ClCompile>
    <ClCompile Include="code\graphics\fx\FxManager.cpp">
      <Filter>happyengine\graphics\fx\var</Filter>
    </ClCompile>
    <ClCompile Include="code\graphics\fx\FxParticleRotationRate.cpp">
      <Filter>happyengine\graphics\fx\components\particles\components</Filter>
    </ClCompile>
    <ClCompile Include="code\graphics\ExtraForward3DRenderer.cpp">
      <Filter>happyengine\graphics\rendering\forward</Filter>
    </ClCompile>
  </ItemGroup>
  <ItemGroup>
    <ClInclude Include="code\content\BinObjLineLoader.h">
      <Filter>happyengine\content</Filter>
    </ClInclude>
    <ClInclude Include="code\content\ContentManager.h">
      <Filter>happyengine\content</Filter>
    </ClInclude>
    <ClInclude Include="code\content\FontLoader.h">
      <Filter>happyengine\content</Filter>
    </ClInclude>
    <ClInclude Include="code\content\LineLoader.h">
      <Filter>happyengine\content</Filter>
    </ClInclude>
    <ClInclude Include="code\content\ObjLineLoader.h">
      <Filter>happyengine\content</Filter>
    </ClInclude>
    <ClInclude Include="code\content\PhysicsShapeLoader.h">
      <Filter>happyengine\content</Filter>
    </ClInclude>
    <ClInclude Include="code\content\ShaderLoader.h">
      <Filter>happyengine\content</Filter>
    </ClInclude>
    <ClInclude Include="code\content\ShaderPreProcessor.h">
      <Filter>happyengine\content</Filter>
    </ClInclude>
    <ClInclude Include="code\content\TextureLoader.h">
      <Filter>happyengine\content</Filter>
    </ClInclude>
    <ClInclude Include="code\error\Exception.h">
      <Filter>happyengine\error</Filter>
    </ClInclude>
    <ClInclude Include="code\error\ExternalError.h">
      <Filter>happyengine\error</Filter>
    </ClInclude>
    <ClInclude Include="code\error\FileNotFoundException.h">
      <Filter>happyengine\error</Filter>
    </ClInclude>
    <ClInclude Include="code\game\Entity.h">
      <Filter>happyengine\game</Filter>
    </ClInclude>
    <ClInclude Include="code\graphics\Hitregion.h">
      <Filter>happyengine\graphics</Filter>
    </ClInclude>
    <ClInclude Include="code\graphics\IDrawable.h">
      <Filter>happyengine\graphics</Filter>
    </ClInclude>
    <ClInclude Include="code\graphics\Texture2D.h">
      <Filter>happyengine\graphics</Filter>
    </ClInclude>
    <ClInclude Include="code\graphics\Vertex.h">
      <Filter>happyengine\graphics</Filter>
    </ClInclude>
    <ClInclude Include="code\io\BinaryStream.h">
      <Filter>happyengine\io</Filter>
    </ClInclude>
    <ClInclude Include="code\io\ControlsManager.h">
      <Filter>happyengine\io</Filter>
    </ClInclude>
    <ClInclude Include="code\io\FileReader.h">
      <Filter>happyengine\io</Filter>
    </ClInclude>
    <ClInclude Include="code\io\IniReader.h">
      <Filter>happyengine\io</Filter>
    </ClInclude>
    <ClInclude Include="code\io\IniWriter.h">
      <Filter>happyengine\io</Filter>
    </ClInclude>
    <ClInclude Include="code\math\AABB.h">
      <Filter>happyengine\math</Filter>
    </ClInclude>
    <ClInclude Include="code\math\CatmullRomSpline.h">
      <Filter>happyengine\math</Filter>
    </ClInclude>
    <ClInclude Include="code\math\Circle.h">
      <Filter>happyengine\math</Filter>
    </ClInclude>
    <ClInclude Include="code\math\ISpline.h">
      <Filter>happyengine\math</Filter>
    </ClInclude>
    <ClInclude Include="code\math\LinearSpline.h">
      <Filter>happyengine\math</Filter>
    </ClInclude>
    <ClInclude Include="code\math\mat33.h">
      <Filter>happyengine\math</Filter>
    </ClInclude>
    <ClInclude Include="code\math\mat44.h">
      <Filter>happyengine\math</Filter>
    </ClInclude>
    <ClInclude Include="code\math\MathConstants.h">
      <Filter>happyengine\math</Filter>
    </ClInclude>
    <ClInclude Include="code\math\MathFunctions.h">
      <Filter>happyengine\math</Filter>
    </ClInclude>
    <ClInclude Include="code\math\Random.h">
      <Filter>happyengine\math</Filter>
    </ClInclude>
    <ClInclude Include="code\math\Rect.h">
      <Filter>happyengine\math</Filter>
    </ClInclude>
    <ClInclude Include="code\math\Sphere.h">
      <Filter>happyengine\math</Filter>
    </ClInclude>
    <ClInclude Include="code\math\vec2.h">
      <Filter>happyengine\math</Filter>
    </ClInclude>
    <ClInclude Include="code\math\vec3.h">
      <Filter>happyengine\math</Filter>
    </ClInclude>
    <ClInclude Include="code\math\vec4.h">
      <Filter>happyengine\math</Filter>
    </ClInclude>
    <ClInclude Include="code\networking\Client.h">
      <Filter>happyengine\networking</Filter>
    </ClInclude>
    <ClInclude Include="code\networking\Message.h">
      <Filter>happyengine\networking</Filter>
    </ClInclude>
    <ClInclude Include="code\networking\NetworkManager.h">
      <Filter>happyengine\networking</Filter>
    </ClInclude>
    <ClInclude Include="code\networking\Server.h">
      <Filter>happyengine\networking</Filter>
    </ClInclude>
    <ClInclude Include="code\HappyEngine.h">
      <Filter>happyengine</Filter>
    </ClInclude>
    <ClInclude Include="code\HappyNew.h">
      <Filter>happyengine</Filter>
    </ClInclude>
    <ClInclude Include="code\HappyTypes.h">
      <Filter>happyengine</Filter>
    </ClInclude>
    <ClInclude Include="code\physics\PhysicsDynamicActor.h">
      <Filter>happyengine\physics</Filter>
    </ClInclude>
    <ClInclude Include="code\physics\PhysicsEngine.h">
      <Filter>happyengine\physics</Filter>
    </ClInclude>
    <ClInclude Include="code\physics\PhysicsMaterial.h">
      <Filter>happyengine\physics</Filter>
    </ClInclude>
    <ClInclude Include="code\physics\PhysicsStaticActor.h">
      <Filter>happyengine\physics</Filter>
    </ClInclude>
    <ClInclude Include="code\template\X.h">
      <Filter>happyengine\template</Filter>
    </ClInclude>
    <ClInclude Include="code\tools\FPSGraph.h">
      <Filter>happyengine\tools</Filter>
    </ClInclude>
    <ClInclude Include="code\graphics\Color.h">
      <Filter>happyengine\graphics\light</Filter>
    </ClInclude>
    <ClInclude Include="code\graphics\PointLight.h">
      <Filter>happyengine\graphics\light</Filter>
    </ClInclude>
    <ClInclude Include="code\graphics\Light.h">
      <Filter>happyengine\graphics\light</Filter>
    </ClInclude>
    <ClInclude Include="code\graphics\LightManager.h">
      <Filter>happyengine\graphics\light</Filter>
    </ClInclude>
    <ClInclude Include="code\graphics\SpotLight.h">
      <Filter>happyengine\graphics\light</Filter>
    </ClInclude>
    <ClInclude Include="code\graphics\Deferred3DRenderer.h">
      <Filter>happyengine\graphics\rendering\deferred</Filter>
    </ClInclude>
    <ClInclude Include="code\graphics\Shader.h">
      <Filter>happyengine\graphics\material</Filter>
    </ClInclude>
    <ClInclude Include="code\graphics\ShaderLayout.h">
      <Filter>happyengine\graphics\material</Filter>
    </ClInclude>
    <ClInclude Include="code\graphics\ShaderVar.h">
      <Filter>happyengine\graphics\material</Filter>
    </ClInclude>
    <ClInclude Include="code\graphics\Material.h">
      <Filter>happyengine\graphics\material</Filter>
    </ClInclude>
    <ClInclude Include="code\graphics\DirectionalLight.h">
      <Filter>happyengine\graphics\light</Filter>
    </ClInclude>
    <ClInclude Include="code\OpenGL.h">
      <Filter>happyengine</Filter>
    </ClInclude>
    <ClInclude Include="code\graphics\GraphicsEngine.h">
      <Filter>happyengine\graphics\rendering</Filter>
    </ClInclude>
    <ClInclude Include="code\audio\SoundEngine.h">
      <Filter>happyengine\audio</Filter>
    </ClInclude>
    <ClInclude Include="code\audio\Sound2D.h">
      <Filter>happyengine\audio</Filter>
    </ClInclude>
    <ClInclude Include="code\audio\Sound3D.h">
      <Filter>happyengine\audio</Filter>
    </ClInclude>
    <ClInclude Include="code\audio\ISound.h">
      <Filter>happyengine\audio</Filter>
    </ClInclude>
    <ClInclude Include="code\game\IComponent.h">
      <Filter>happyengine\game\components</Filter>
    </ClInclude>
    <ClInclude Include="code\game\ModelComponent.h">
      <Filter>happyengine\game\components</Filter>
    </ClInclude>
    <ClInclude Include="code\error\HeAssert.h">
      <Filter>happyengine\error</Filter>
    </ClInclude>
    <ClInclude Include="code\game\SerializerStream.h">
      <Filter>happyengine\game\serialize</Filter>
    </ClInclude>
    <ClInclude Include="code\graphics\ModelMesh.h">
      <Filter>happyengine\graphics\model</Filter>
    </ClInclude>
    <ClInclude Include="code\graphics\Model.h">
      <Filter>happyengine\graphics\model</Filter>
    </ClInclude>
    <ClInclude Include="code\graphics\Line.h">
      <Filter>happyengine\graphics\model</Filter>
    </ClInclude>
    <ClInclude Include="code\graphics\Button.h">
      <Filter>happyengine\graphics\gui</Filter>
    </ClInclude>
    <ClInclude Include="code\graphics\Text.h">
      <Filter>happyengine\graphics\gui</Filter>
    </ClInclude>
    <ClInclude Include="code\graphics\TextBox.h">
      <Filter>happyengine\graphics\gui</Filter>
    </ClInclude>
    <ClInclude Include="code\graphics\Font.h">
      <Filter>happyengine\graphics\gui</Filter>
    </ClInclude>
    <ClInclude Include="code\graphics\Scrollbar.h">
      <Filter>happyengine\graphics\gui</Filter>
    </ClInclude>
    <ClInclude Include="code\graphics\Bone.h">
      <Filter>happyengine\graphics\model</Filter>
    </ClInclude>
    <ClInclude Include="code\game\RiggedModelComponent.h">
      <Filter>happyengine\game\components</Filter>
    </ClInclude>
    <ClInclude Include="code\content\BinObjLoader.h">
      <Filter>happyengine\content\model</Filter>
    </ClInclude>
    <ClInclude Include="code\content\IModelLoader.h">
      <Filter>happyengine\content\model</Filter>
    </ClInclude>
    <ClInclude Include="code\content\ModelLoader.h">
      <Filter>happyengine\content\model</Filter>
    </ClInclude>
    <ClInclude Include="code\content\ModelLoaderFunctions.h">
      <Filter>happyengine\content\model</Filter>
    </ClInclude>
    <ClInclude Include="code\content\ObjLoader.h">
      <Filter>happyengine\content\model</Filter>
    </ClInclude>
    <ClInclude Include="code\game\ITickable.h">
      <Filter>happyengine\game</Filter>
    </ClInclude>
    <ClInclude Include="code\content\MaterialLoader.h">
      <Filter>happyengine\content</Filter>
    </ClInclude>
    <ClInclude Include="code\game\DynamicPhysicsComponent.h">
      <Filter>happyengine\game\components</Filter>
    </ClInclude>
    <ClInclude Include="code\physics\IPhysicsShape.h">
      <Filter>happyengine\physics\shapes</Filter>
    </ClInclude>
    <ClInclude Include="code\physics\PhysicsBoxShape.h">
      <Filter>happyengine\physics\shapes</Filter>
    </ClInclude>
    <ClInclude Include="code\physics\PhysicsConvexShape.h">
      <Filter>happyengine\physics\shapes</Filter>
    </ClInclude>
    <ClInclude Include="code\physics\PhysicsSphereShape.h">
      <Filter>happyengine\physics\shapes</Filter>
    </ClInclude>
    <ClInclude Include="code\game\Game.h">
      <Filter>happyengine\game</Filter>
    </ClInclude>
    <ClInclude Include="code\physics\PhysicsConvexMesh.h">
      <Filter>happyengine\physics\shapes</Filter>
    </ClInclude>
    <ClInclude Include="code\game\StaticPhysicsComponent.h">
      <Filter>happyengine\game\components</Filter>
    </ClInclude>
    <ClInclude Include="code\content\AssetContainer.h">
      <Filter>happyengine\content</Filter>
    </ClInclude>
    <ClInclude Include="code\physics\PhysicsConcaveMesh.h">
      <Filter>happyengine\physics\shapes</Filter>
    </ClInclude>
    <ClInclude Include="code\physics\PhysicsConcaveShape.h">
      <Filter>happyengine\physics\shapes</Filter>
    </ClInclude>
    <ClInclude Include="code\graphics\HappyQtWidget.h">
      <Filter>happyengine\graphics\QT</Filter>
    </ClInclude>
    <ClInclude Include="code\io\Mouse.h">
      <Filter>happyengine\io\mouse</Filter>
    </ClInclude>
    <ClInclude Include="code\io\IMouse.h">
      <Filter>happyengine\io\mouse</Filter>
    </ClInclude>
    <ClInclude Include="code\io\QtMouse.h">
      <Filter>happyengine\io\mouse</Filter>
    </ClInclude>
    <ClInclude Include="code\tools\Vec4TypeHandler.h">
      <Filter>happyengine\tools\console</Filter>
    </ClInclude>
    <ClInclude Include="code\tools\IntTypeHandler.h">
      <Filter>happyengine\tools\console</Filter>
    </ClInclude>
    <ClInclude Include="code\tools\ITypeHandler.h">
      <Filter>happyengine\tools\console</Filter>
    </ClInclude>
    <ClInclude Include="code\tools\StringTypeHandler.h">
      <Filter>happyengine\tools\console</Filter>
    </ClInclude>
    <ClInclude Include="code\tools\UIntTypeHandler.h">
      <Filter>happyengine\tools\console</Filter>
    </ClInclude>
    <ClInclude Include="code\tools\Vec2TypeHandler.h">
      <Filter>happyengine\tools\console</Filter>
    </ClInclude>
    <ClInclude Include="code\tools\Vec3TypeHandler.h">
      <Filter>happyengine\tools\console</Filter>
    </ClInclude>
    <ClInclude Include="code\tools\FloatTypeHandler.h">
      <Filter>happyengine\tools\console</Filter>
    </ClInclude>
    <ClInclude Include="code\tools\Console.h">
      <Filter>happyengine\tools\console</Filter>
    </ClInclude>
    <ClInclude Include="code\tools\BoolTypeHandler.h">
      <Filter>happyengine\tools\console</Filter>
    </ClInclude>
    <ClInclude Include="code\tools\Grid.h">
      <Filter>happyengine\tools</Filter>
    </ClInclude>
    <ClInclude Include="code\audio\SoundFile.h">
      <Filter>happyengine\audio</Filter>
    </ClInclude>
    <ClInclude Include="code\io\Keyboard.h">
      <Filter>happyengine\io\keyboard</Filter>
    </ClInclude>
    <ClInclude Include="code\io\IKeyboard.h">
      <Filter>happyengine\io\keyboard</Filter>
    </ClInclude>
    <ClInclude Include="code\io\QtKeyboard.h">
      <Filter>happyengine\io\keyboard</Filter>
    </ClInclude>
    <ClInclude Include="code\io\Keys.h">
      <Filter>happyengine\io\keyboard</Filter>
    </ClInclude>
    <ClInclude Include="code\graphics\Happy2DRenderer.h">
      <Filter>happyengine\graphics\rendering\2d</Filter>
    </ClInclude>
    <ClInclude Include="code\graphics\BillboardEffect.h">
      <Filter>happyengine\graphics\rendering\forward</Filter>
    </ClInclude>
    <ClInclude Include="code\physics\PhysicsCar.h">
      <Filter>happyengine\physics</Filter>
    </ClInclude>
    <ClInclude Include="code\graphics\SimpleColorEffect.h">
      <Filter>happyengine\graphics\rendering\forward</Filter>
    </ClInclude>
    <ClInclude Include="code\graphics\PickEffect.h">
      <Filter>happyengine\graphics\picking</Filter>
    </ClInclude>
    <ClInclude Include="code\graphics\Picker.h">
      <Filter>happyengine\graphics\picking</Filter>
    </ClInclude>
    <ClInclude Include="code\graphics\Camera.h">
      <Filter>happyengine\graphics\rendering</Filter>
    </ClInclude>
    <ClInclude Include="code\graphics\Ellipse2D.h">
      <Filter>happyengine\graphics\model\2d</Filter>
    </ClInclude>
    <ClInclude Include="code\graphics\Line2D.h">
      <Filter>happyengine\graphics\model\2d</Filter>
    </ClInclude>
    <ClInclude Include="code\graphics\Polygon2D.h">
      <Filter>happyengine\graphics\model\2d</Filter>
    </ClInclude>
    <ClInclude Include="code\graphics\Rectangle2D.h">
      <Filter>happyengine\graphics\model\2d</Filter>
    </ClInclude>
    <ClInclude Include="code\graphics\RoundedRectangle2D.h">
      <Filter>happyengine\graphics\model\2d</Filter>
    </ClInclude>
    <ClInclude Include="code\graphics\Simple2DTextureEffect.h">
      <Filter>happyengine\graphics\rendering\2d</Filter>
    </ClInclude>
    <ClInclude Include="code\graphics\Simple2DEffect.h">
      <Filter>happyengine\graphics\rendering\2d</Filter>
    </ClInclude>
    <ClInclude Include="code\math\Polygon.h">
      <Filter>happyengine\math</Filter>
    </ClInclude>
    <ClInclude Include="code\math\Triangulator.h">
      <Filter>happyengine\math</Filter>
    </ClInclude>
    <ClInclude Include="code\physics\PhysicsCarManager.h">
      <Filter>happyengine\physics</Filter>
    </ClInclude>
    <ClInclude Include="code\tools\Profiler.h">
      <Filter>happyengine\tools</Filter>
    </ClInclude>
    <ClInclude Include="code\tools\HappyFxEditorBinding.h">
      <Filter>happyengine\tools</Filter>
    </ClInclude>
    <ClInclude Include="code\networking\TcpServer.h">
      <Filter>happyengine\networking</Filter>
    </ClInclude>
    <ClInclude Include="code\event.h">
      <Filter>happyengine</Filter>
    </ClInclude>
    <ClInclude Include="code\SlotPContainer.h">
      <Filter>happyengine</Filter>
    </ClInclude>
    <ClInclude Include="code\HappyPCH.h">
      <Filter>happyengine</Filter>
    </ClInclude>
    <ClInclude Include="code\game\CameraManager.h">
      <Filter>happyengine\game</Filter>
    </ClInclude>
    <ClInclude Include="code\graphics\InstancingController.h">
      <Filter>happyengine\graphics\rendering\instancing</Filter>
    </ClInclude>
    <ClInclude Include="code\graphics\InstancingManager.h">
      <Filter>happyengine\graphics\rendering\instancing</Filter>
    </ClInclude>
    <ClInclude Include="code\graphics\I3DObject.h">
      <Filter>happyengine\graphics</Filter>
    </ClInclude>
    <ClInclude Include="code\graphics\IPickable.h">
      <Filter>happyengine\graphics</Filter>
    </ClInclude>
    <ClInclude Include="code\game\InstancedModelComponent.h">
      <Filter>happyengine\game\components</Filter>
    </ClInclude>
    <ClInclude Include="code\physics\IPhysicsActor.h">
      <Filter>happyengine\physics</Filter>
    </ClInclude>
    <ClInclude Include="code\physics\IPhysicsJoint.h">
      <Filter>happyengine\physics\joints</Filter>
    </ClInclude>
    <ClInclude Include="code\physics\PhysicsFixedJoint.h">
      <Filter>happyengine\physics\joints</Filter>
    </ClInclude>
    <ClInclude Include="code\physics\PhysicsSphericalJoint.h">
      <Filter>happyengine\physics\joints</Filter>
    </ClInclude>
    <ClInclude Include="code\physics\PhysicsRevoluteJoint.h">
      <Filter>happyengine\physics\joints</Filter>
    </ClInclude>
    <ClInclude Include="code\graphics\IRenderer.h">
      <Filter>happyengine\graphics\rendering</Filter>
    </ClInclude>
    <ClInclude Include="code\graphics\ICamera.h">
      <Filter>happyengine\graphics\rendering</Filter>
    </ClInclude>
    <ClInclude Include="code\graphics\Bloom.h">
      <Filter>happyengine\graphics\rendering\post</Filter>
    </ClInclude>
    <ClInclude Include="code\graphics\AutoExposure.h">
      <Filter>happyengine\graphics\rendering\post</Filter>
    </ClInclude>
    <ClInclude Include="code\graphics\ShadowCaster.h">
      <Filter>happyengine\graphics\rendering\shadow</Filter>
    </ClInclude>
    <ClInclude Include="code\graphics\RenderSettings.h">
      <Filter>happyengine\graphics\rendering\manager</Filter>
    </ClInclude>
    <ClInclude Include="code\graphics\DrawListContainer.h">
      <Filter>happyengine\graphics\rendering\manager</Filter>
    </ClInclude>
    <ClInclude Include="code\graphics\DrawManager.h">
      <Filter>happyengine\graphics\rendering\manager</Filter>
    </ClInclude>
    <ClInclude Include="code\graphics\PostProcesser.h">
      <Filter>happyengine\graphics\rendering\post</Filter>
    </ClInclude>
    <ClInclude Include="code\graphics\Forward3DRenderer.h">
      <Filter>happyengine\graphics\rendering\forward</Filter>
    </ClInclude>
    <ClInclude Include="code\graphics\DefaultSingleDrawable.h">
      <Filter>happyengine\graphics</Filter>
    </ClInclude>
    <ClInclude Include="code\graphics\DefaultSkinnedDrawable.h">
      <Filter>happyengine\graphics</Filter>
    </ClInclude>
    <ClInclude Include="code\graphics\fx\FxManager.h">
      <Filter>happyengine\graphics\fx</Filter>
    </ClInclude>
    <ClInclude Include="code\graphics\fx\FxTimeLine.h">
      <Filter>happyengine\graphics\fx</Filter>
    </ClInclude>
    <ClInclude Include="code\graphics\fx\FxTimeLineTrack.h">
      <Filter>happyengine\graphics\fx</Filter>
    </ClInclude>
    <ClInclude Include="code\graphics\fx\FxConstant.h">
      <Filter>happyengine\graphics\fx\var</Filter>
    </ClInclude>
    <ClInclude Include="code\graphics\fx\FxParticle.h">
      <Filter>happyengine\graphics\fx\components\particles</Filter>
    </ClInclude>
    <ClInclude Include="code\graphics\fx\FxParticleContainer.h">
      <Filter>happyengine\graphics\fx\components\particles</Filter>
    </ClInclude>
    <ClInclude Include="code\graphics\fx\FxParticleSystem.h">
      <Filter>happyengine\graphics\fx\components\particles</Filter>
    </ClInclude>
    <ClInclude Include="code\graphics\fx\FxRandom.h">
      <Filter>happyengine\graphics\fx\var</Filter>
    </ClInclude>
    <ClInclude Include="code\graphics\fx\FxCameraEffect.h">
      <Filter>happyengine\graphics\fx\components</Filter>
    </ClInclude>
    <ClInclude Include="code\graphics\fx\IFxVariable.h">
      <Filter>happyengine\graphics\fx\var</Filter>
    </ClInclude>
    <ClInclude Include="code\graphics\fx\IFxParticleModifyComponent.h">
      <Filter>happyengine\graphics\fx\components\particles\components</Filter>
    </ClInclude>
    <ClInclude Include="code\graphics\fx\IFxParticleInitComponent.h">
      <Filter>happyengine\graphics\fx\components\particles\components</Filter>
    </ClInclude>
    <ClInclude Include="code\graphics\fx\FxParticleSpeed.h">
      <Filter>happyengine\graphics\fx\components\particles\components</Filter>
    </ClInclude>
    <ClInclude Include="code\graphics\fx\FxParticleColor.h">
      <Filter>happyengine\graphics\fx\components\particles\components</Filter>
    </ClInclude>
    <ClInclude Include="code\graphics\fx\FxParticleForce.h">
      <Filter>happyengine\graphics\fx\components\particles\components</Filter>
    </ClInclude>
    <ClInclude Include="code\graphics\fx\FxParticleRotation.h">
      <Filter>happyengine\graphics\fx\components\particles\components</Filter>
    </ClInclude>
    <ClInclude Include="code\graphics\fx\FxParticleScale.h">
      <Filter>happyengine\graphics\fx\components\particles\components</Filter>
    </ClInclude>
    <ClInclude Include="code\graphics\DynamicBuffer.h">
      <Filter>happyengine\graphics\rendering</Filter>
    </ClInclude>
    <ClInclude Include="code\graphics\BufferLayout.h">
      <Filter>happyengine\graphics</Filter>
    </ClInclude>
    <ClInclude Include="code\graphics\IInstancible.h">
      <Filter>happyengine\graphics</Filter>
    </ClInclude>
    <ClInclude Include="code\graphics\InstancingBuffer.h">
      <Filter>happyengine\graphics\rendering\instancing</Filter>
    </ClInclude>
    <ClInclude Include="code\tools\LoadingScreen.h">
      <Filter>happyengine\tools</Filter>
    </ClInclude>
    <ClInclude Include="code\graphics\Shape2D.h">
      <Filter>happyengine\graphics\model\2d</Filter>
    </ClInclude>
    <ClInclude Include="code\game\FxComponent.h">
      <Filter>happyengine\game\components</Filter>
    </ClInclude>
    <ClInclude Include="code\graphics\fx\IFxTimeLineTrackComponent.h">
      <Filter>happyengine\graphics\fx\components</Filter>
    </ClInclude>
    <ClInclude Include="code\graphics\fx\FxParticleLocation.h">
      <Filter>happyengine\graphics\fx\components\particles\components</Filter>
    </ClInclude>
    <ClInclude Include="code\graphics\fx\FxCurve.h">
      <Filter>happyengine\graphics\fx\var</Filter>
    </ClInclude>
    <ClInclude Include="code\graphics\fx\FxParticleRotationRate.h">
      <Filter>happyengine\graphics\fx\components\particles\components</Filter>
    </ClInclude>
    <ClInclude Include="code\HappyMemory.h">
      <Filter>happyengine</Filter>
    </ClInclude>
    <ClInclude Include="code\graphics\ExtraForward3DRenderer.h">
      <Filter>happyengine\graphics\rendering\forward</Filter>
    </ClInclude>
  </ItemGroup>
</Project>