<?xml version="1.0" encoding="utf-8"?>
<Project ToolsVersion="4.0" xmlns="http://schemas.microsoft.com/developer/msbuild/2003">
  <ItemGroup>
    <Filter Include="happyengine">
      <UniqueIdentifier>{4FC737F1-C7A5-4376-A066-2A32D752A2FF}</UniqueIdentifier>
      <Extensions>cpp;c;cc;cxx;def;odl;idl;hpj;bat;asm;asmx</Extensions>
    </Filter>
    <Filter Include="happyengine\content">
      <UniqueIdentifier>{880e0f64-6a65-42a4-a1d4-b242db417762}</UniqueIdentifier>
    </Filter>
    <Filter Include="happyengine\template">
      <UniqueIdentifier>{1dfd60e4-5b15-4065-93d9-2b779f69a3a1}</UniqueIdentifier>
    </Filter>
    <Filter Include="happyengine\graphics">
      <UniqueIdentifier>{83150577-dea8-4777-903f-cd2738603782}</UniqueIdentifier>
    </Filter>
    <Filter Include="happyengine\io">
      <UniqueIdentifier>{2aae4662-d64d-402a-a861-ce804ea7b2a4}</UniqueIdentifier>
    </Filter>
    <Filter Include="happyengine\error">
      <UniqueIdentifier>{57e8f79e-354c-43d3-adff-7187f1929be7}</UniqueIdentifier>
    </Filter>
    <Filter Include="happyengine\error\exceptions">
      <UniqueIdentifier>{9dad1105-381b-47a8-ab6c-5dec45474df8}</UniqueIdentifier>
    </Filter>
    <Filter Include="happyengine\error\logicerror">
      <UniqueIdentifier>{4edba084-3ea7-4bb0-9265-a97bb2f5974d}</UniqueIdentifier>
    </Filter>
    <Filter Include="happyengine\error\exceptions\io">
      <UniqueIdentifier>{15e9a65e-275c-4376-a11b-297248fe7a44}</UniqueIdentifier>
    </Filter>
    <Filter Include="happyengine\math">
      <UniqueIdentifier>{9db2183d-db1d-4c98-ab51-08a8de83f48e}</UniqueIdentifier>
    </Filter>
    <Filter Include="happyengine\content\models">
      <UniqueIdentifier>{9e80cf7f-8664-4e6a-99ad-aa55fb71c72e}</UniqueIdentifier>
    </Filter>
    <Filter Include="happyengine\error\external">
      <UniqueIdentifier>{ce469388-db5d-4ca6-b40d-350ade7876d4}</UniqueIdentifier>
    </Filter>
  </ItemGroup>
  <ItemGroup>
    <ClCompile Include="X.cpp">
      <Filter>happyengine\template</Filter>
    </ClCompile>
    <ClCompile Include="ContentManager.cpp">
      <Filter>happyengine\content</Filter>
    </ClCompile>
    <ClCompile Include="HappyEngine.cpp">
      <Filter>happyengine</Filter>
    </ClCompile>
    <ClCompile Include="FileReader.cpp">
      <Filter>happyengine\io</Filter>
    </ClCompile>
    <ClCompile Include="Exception.cpp">
      <Filter>happyengine\error\exceptions</Filter>
    </ClCompile>
    <ClCompile Include="Vertex.cpp">
      <Filter>happyengine\graphics</Filter>
    </ClCompile>
    <ClCompile Include="Vector3.cpp">
      <Filter>happyengine\math</Filter>
    </ClCompile>
    <ClCompile Include="VertexLayout.cpp">
      <Filter>happyengine\graphics</Filter>
    </ClCompile>
    <ClCompile Include="Shader.cpp">
      <Filter>happyengine\graphics</Filter>
    </ClCompile>
    <ClCompile Include="SimpleForward3DRenderer.cpp">
      <Filter>happyengine\graphics</Filter>
    </ClCompile>
    <ClCompile Include="Model.cpp">
      <Filter>happyengine\graphics</Filter>
    </ClCompile>
    <ClCompile Include="Assert.cpp">
      <Filter>happyengine\error\logicerror</Filter>
    </ClCompile>
    <ClCompile Include="Matrix.cpp">
      <Filter>happyengine\math</Filter>
    </ClCompile>
    <ClCompile Include="ObjLoader.cpp">
      <Filter>happyengine\content\models</Filter>
    </ClCompile>
    <ClCompile Include="Vector2.cpp">
      <Filter>happyengine\math</Filter>
    </ClCompile>
    <ClCompile Include="GraphicsEngine.cpp">
      <Filter>happyengine\graphics</Filter>
    </ClCompile>
    <ClCompile Include="Rect.cpp">
      <Filter>happyengine</Filter>
    </ClCompile>
    <ClCompile Include="Color.cpp">
      <Filter>happyengine</Filter>
    </ClCompile>
    <ClCompile Include="ControlsManager.cpp">
      <Filter>happyengine\io</Filter>
    </ClCompile>
    <ClCompile Include="Keyboard.cpp">
      <Filter>happyengine\io</Filter>
    </ClCompile>
    <ClCompile Include="Mouse.cpp">
      <Filter>happyengine\io</Filter>
    </ClCompile>
    <ClCompile Include="IniReader.cpp">
      <Filter>happyengine\io</Filter>
    </ClCompile>
    <ClCompile Include="IniWriter.cpp">
      <Filter>happyengine\io</Filter>
    </ClCompile>
    <ClCompile Include="Vector4.cpp">
      <Filter>happyengine\math</Filter>
    </ClCompile>
    <ClCompile Include="FileNotFoundException.cpp">
      <Filter>happyengine\error\exceptions\io</Filter>
    </ClCompile>
    <ClCompile Include="Texture2D.cpp">
      <Filter>happyengine\graphics</Filter>
    </ClCompile>
    <ClCompile Include="TextureLoader.cpp">
      <Filter>happyengine\content</Filter>
    </ClCompile>
    <ClCompile Include="FontLoader.cpp">
      <Filter>happyengine\content</Filter>
    </ClCompile>
    <ClCompile Include="Font.cpp">
      <Filter>happyengine\graphics</Filter>
    </ClCompile>
    <ClCompile Include="Deferred3DRenderer.cpp">
      <Filter>happyengine\graphics</Filter>
    </ClCompile>
  </ItemGroup>
  <ItemGroup>
    <ClInclude Include="X.h">
      <Filter>happyengine\template</Filter>
    </ClInclude>
    <ClInclude Include="ContentManager.h">
      <Filter>happyengine\content</Filter>
    </ClInclude>
    <ClInclude Include="I3DRenderer.h">
      <Filter>happyengine\graphics</Filter>
    </ClInclude>
    <ClInclude Include="I2DRenderer.h">
      <Filter>happyengine\graphics</Filter>
    </ClInclude>
    <ClInclude Include="HappyEngine.h">
      <Filter>happyengine</Filter>
    </ClInclude>
    <ClInclude Include="IGame.h">
      <Filter>happyengine</Filter>
    </ClInclude>
    <ClInclude Include="FileReader.h">
      <Filter>happyengine\io</Filter>
    </ClInclude>
    <ClInclude Include="Exception.h">
      <Filter>happyengine\error\exceptions</Filter>
    </ClInclude>
    <ClInclude Include="Vertex.h">
      <Filter>happyengine\graphics</Filter>
    </ClInclude>
    <ClInclude Include="Vector3.h">
      <Filter>happyengine\math</Filter>
    </ClInclude>
    <ClInclude Include="VertexLayout.h">
      <Filter>happyengine\graphics</Filter>
    </ClInclude>
    <ClInclude Include="Shader.h">
      <Filter>happyengine\graphics</Filter>
    </ClInclude>
    <ClInclude Include="SimpleForward3DRenderer.h">
      <Filter>happyengine\graphics</Filter>
    </ClInclude>
    <ClInclude Include="Model.h">
      <Filter>happyengine\graphics</Filter>
    </ClInclude>
    <ClInclude Include="Assert.h">
      <Filter>happyengine\error\logicerror</Filter>
    </ClInclude>
    <ClInclude Include="Matrix.h">
      <Filter>happyengine\math</Filter>
    </ClInclude>
    <ClInclude Include="MathFunctions.h">
      <Filter>happyengine\math</Filter>
    </ClInclude>
    <ClInclude Include="MathConstants.h">
      <Filter>happyengine\math</Filter>
    </ClInclude>
    <ClInclude Include="ObjLoader.h">
      <Filter>happyengine\content\models</Filter>
    </ClInclude>
    <ClInclude Include="Vector2.h">
      <Filter>happyengine\math</Filter>
    </ClInclude>
    <ClInclude Include="GraphicsEngine.h">
      <Filter>happyengine\graphics</Filter>
    </ClInclude>
    <ClInclude Include="Rect.h">
      <Filter>happyengine</Filter>
    </ClInclude>
    <ClInclude Include="Color.h">
      <Filter>happyengine</Filter>
    </ClInclude>
    <ClInclude Include="HappyTypes.h">
      <Filter>happyengine</Filter>
    </ClInclude>
    <ClInclude Include="ExternalError.h">
      <Filter>happyengine\error\external</Filter>
    </ClInclude>
    <ClInclude Include="ControlsManager.h">
      <Filter>happyengine\io</Filter>
    </ClInclude>
    <ClInclude Include="Keyboard.h">
      <Filter>happyengine\io</Filter>
    </ClInclude>
    <ClInclude Include="Mouse.h">
      <Filter>happyengine\io</Filter>
    </ClInclude>
    <ClInclude Include="Keys.h">
      <Filter>happyengine\io</Filter>
    </ClInclude>
    <ClInclude Include="IniReader.h">
      <Filter>happyengine\io</Filter>
    </ClInclude>
    <ClInclude Include="IniWriter.h">
      <Filter>happyengine\io</Filter>
    </ClInclude>
    <ClInclude Include="Vector4.h">
      <Filter>happyengine\math</Filter>
    </ClInclude>
    <ClInclude Include="FileNotFoundException.h">
      <Filter>happyengine\error\exceptions\io</Filter>
    </ClInclude>
    <ClInclude Include="Texture2D.h">
      <Filter>happyengine\graphics</Filter>
    </ClInclude>
    <ClInclude Include="TextureLoader.h">
      <Filter>happyengine\content</Filter>
    </ClInclude>
    <ClInclude Include="FontLoader.h">
      <Filter>happyengine\content</Filter>
    </ClInclude>
    <ClInclude Include="Font.h">
      <Filter>happyengine\graphics</Filter>
    </ClInclude>
    <ClInclude Include="Deferred3DRenderer.h">
      <Filter>happyengine\graphics</Filter>
    </ClInclude>
  </ItemGroup>
</Project>