<?xml version="1.0" encoding="UTF-8" standalone="yes" ?>
<CodeBlocks_project_file>
	<FileVersion major="1" minor="6" />
	<Project>
		<Option title="HappyEngine" />
		<Option pch_mode="2" />
		<Option compiler="gcc" />
		<Build>
			<Target title="Debug">
				<Option output="libHappyEngine" prefix_auto="1" extension_auto="1" />
				<Option working_dir="" />
				<Option object_output="gcc/Debug/" />
				<Option type="2" />
				<Option compiler="gcc" />
				<Option createDefFile="1" />
				<Compiler>
					<Add option="-Wall" />
					<Add option="-g" />
				</Compiler>
			</Target>
			<Target title="Release">
				<Option output="libHappyEngine" prefix_auto="1" extension_auto="1" />
				<Option working_dir="" />
				<Option object_output="gcc/Release/" />
				<Option type="2" />
				<Option compiler="gcc" />
				<Option createDefFile="1" />
				<Compiler>
					<Add option="-Wall" />
					<Add option="-O2" />
				</Compiler>
				<Linker>
					<Add option="-s" />
				</Linker>
			</Target>
		</Build>
		<Compiler>
			<Add option="-std=c++0x" />
			<Add option="-Wfatal-errors" />
			<Add option="-D_DEBUG" />
			<Add option="-DGCC" />
			<Add option="-DHAPPYENGINE_EXPORTS" />
			<Add option="-D_CRT_SECURE_NO_WARNINGS" />
			<Add option="-D_CRT_SECURE_NO_DEPRECATE" />
			<Add option="-D_CRT_NONSTDC_NO_DEPRECATE" />
			<Add option="-DPX_PHYSX_CHARACTER_STATIC_LIB" />
			<Add option="-DPHYSX_PROFILE_SDK" />
			<Add option="-DPX_CHECKED" />
			<Add option="-DGLEW_STATIC" />
			<Add directory="./code/" />
			<Add directory="./code/audio" />
			<Add directory="./code/content" />
			<Add directory="./code/error" />
			<Add directory="./code/game" />
			<Add directory="./code/graphics" />
			<Add directory="./code/io" />
			<Add directory="./code/math" />
			<Add directory="./code/networking" />
			<Add directory="./code/physics" />
			<Add directory="./code/tools" />
			<Add directory="$(#physx_dir)/PxTask/include" />
			<Add directory="$(#physx_dir)/PxFoundation" />
			<Add directory="$(#physx_dir)/PxFoundation/internal/include" />
			<Add directory="$(#physx_dir)/PhysXProfileSDK/sdk/include" />
			<Add directory="$(#physx_dir)/PhysXVisualDebuggerSDK/PVDCommLayer/Public" />
			<Add directory="$(#physx_dir)/PhysXAPI" />
			<Add directory="$(#physx_dir)/RepX/include" />
			<Add directory="$(#physx_dir)/PhysXAPI/characterkinematic" />
			<Add directory="$(#boost_dir)" />
			<Add directory="$(#al_dir)/include/AL" />
			<Add directory="$(#sdl_dir)/include" />
		</Compiler>
		<Unit filename="code/HappyEngine.cpp" />
		<Unit filename="code/HappyEngine.h" />
		<Unit filename="code/HappyNew.h" />
		<Unit filename="code/HappyTypes.h" />
		<Unit filename="code/OpenGL.cpp" />
		<Unit filename="code/OpenGL.h" />
		<Unit filename="code/SlotPContainer.h" />
		<Unit filename="code/StdAfx.cpp" />
		<Unit filename="code/StdAfx.h" />
		<Unit filename="code/audio/ISound.h" />
		<Unit filename="code/audio/Sound.cpp" />
		<Unit filename="code/audio/Sound.h" />
		<Unit filename="code/audio/Sound2D.cpp" />
		<Unit filename="code/audio/Sound2D.h" />
		<Unit filename="code/audio/Sound3D.cpp" />
		<Unit filename="code/audio/Sound3D.h" />
		<Unit filename="code/audio/SoundEngine.cpp" />
		<Unit filename="code/audio/SoundEngine.h" />
		<Unit filename="code/audio/SoundFile.cpp" />
		<Unit filename="code/audio/SoundFile.h" />
		<Unit filename="code/audio/SoundManager.cpp" />
		<Unit filename="code/audio/SoundManager.h" />
		<Unit filename="code/content/AssetContainer.h" />
		<Unit filename="code/content/BinObjLineLoader.cpp" />
		<Unit filename="code/content/BinObjLineLoader.h" />
		<Unit filename="code/content/BinObjLoader.cpp" />
		<Unit filename="code/content/BinObjLoader.h" />
		<Unit filename="code/content/ContentManager.cpp" />
		<Unit filename="code/content/ContentManager.h" />
		<Unit filename="code/content/FontLoader.cpp" />
		<Unit filename="code/content/FontLoader.h" />
		<Unit filename="code/content/IModelLoader.h" />
		<Unit filename="code/content/LineLoader.cpp" />
		<Unit filename="code/content/LineLoader.h" />
		<Unit filename="code/content/MaterialLoader.cpp" />
		<Unit filename="code/content/MaterialLoader.h" />
		<Unit filename="code/content/ModelLoader.cpp" />
		<Unit filename="code/content/ModelLoader.h" />
		<Unit filename="code/content/ModelLoaderFunctions.cpp" />
		<Unit filename="code/content/ModelLoaderFunctions.h" />
		<Unit filename="code/content/ObjLineLoader.cpp" />
		<Unit filename="code/content/ObjLineLoader.h" />
		<Unit filename="code/content/ObjLoader.cpp" />
		<Unit filename="code/content/ObjLoader.h" />
		<Unit filename="code/content/PhysicsShapeLoader.cpp" />
		<Unit filename="code/content/PhysicsShapeLoader.h" />
		<Unit filename="code/content/ShaderLoader.cpp" />
		<Unit filename="code/content/ShaderLoader.h" />
		<Unit filename="code/content/ShaderPreProcessor.cpp" />
		<Unit filename="code/content/ShaderPreProcessor.h" />
		<Unit filename="code/content/TextureLoader.cpp" />
		<Unit filename="code/content/TextureLoader.h" />
		<Unit filename="code/error/Exception.cpp" />
		<Unit filename="code/error/Exception.h" />
		<Unit filename="code/error/ExternalError.cpp" />
		<Unit filename="code/error/ExternalError.h" />
		<Unit filename="code/error/FileNotFoundException.cpp" />
		<Unit filename="code/error/FileNotFoundException.h" />
		<Unit filename="code/error/HeAssert.cpp" />
		<Unit filename="code/error/HeAssert.h" />
		<Unit filename="code/event.h" />
		<Unit filename="code/game/DynamicPhysicsComponent.cpp" />
		<Unit filename="code/game/DynamicPhysicsComponent.h" />
		<Unit filename="code/game/Entity.cpp" />
		<Unit filename="code/game/Entity.h" />
		<Unit filename="code/game/Game.h" />
		<Unit filename="code/game/IComponent.h" />
		<Unit filename="code/game/ITickable.h" />
		<Unit filename="code/game/ModelComponent.cpp" />
		<Unit filename="code/game/ModelComponent.h" />
		<Unit filename="code/game/RiggedModelComponent.cpp" />
		<Unit filename="code/game/RiggedModelComponent.h" />
		<Unit filename="code/game/SerializerStream.cpp" />
		<Unit filename="code/game/SerializerStream.h" />
		<Unit filename="code/game/StaticPhysicsComponent.cpp" />
		<Unit filename="code/game/StaticPhysicsComponent.h" />
		<Unit filename="code/graphics/AutoExposure.cpp" />
		<Unit filename="code/graphics/AutoExposure.h" />
		<Unit filename="code/graphics/BillboardEffect.cpp" />
		<Unit filename="code/graphics/BillboardEffect.h" />
		<Unit filename="code/graphics/Bloom.cpp" />
		<Unit filename="code/graphics/Bloom.h" />
		<Unit filename="code/graphics/Bone.cpp" />
		<Unit filename="code/graphics/Bone.h" />
		<Unit filename="code/graphics/Button.cpp" />
		<Unit filename="code/graphics/Button.h" />
		<Unit filename="code/graphics/Camera.cpp" />
		<Unit filename="code/graphics/Camera.h" />
		<Unit filename="code/graphics/Color.cpp" />
		<Unit filename="code/graphics/Color.h" />
		<Unit filename="code/graphics/Deferred3DRenderer.cpp" />
		<Unit filename="code/graphics/Deferred3DRenderer.h" />
		<Unit filename="code/graphics/DirectionalLight.cpp" />
		<Unit filename="code/graphics/DirectionalLight.h" />
		<Unit filename="code/graphics/DrawManager.cpp" />
		<Unit filename="code/graphics/DrawManager.h" />
		<Unit filename="code/graphics/DrawSettings.cpp" />
		<Unit filename="code/graphics/DrawSettings.h" />
		<Unit filename="code/graphics/Ellipse2D.cpp" />
		<Unit filename="code/graphics/Ellipse2D.h" />
		<Unit filename="code/graphics/Font.cpp" />
		<Unit filename="code/graphics/Font.h" />
		<Unit filename="code/graphics/FxCameraEffect.cpp" />
		<Unit filename="code/graphics/FxCameraEffect.h" />
		<Unit filename="code/graphics/FxConstant.h" />
		<Unit filename="code/graphics/FxCurveFloat.cpp" />
		<Unit filename="code/graphics/FxCurveFloat.h" />
		<Unit filename="code/graphics/FxManager.cpp" />
		<Unit filename="code/graphics/FxManager.h" />
		<Unit filename="code/graphics/FxParticle.cpp" />
		<Unit filename="code/graphics/FxParticle.h" />
		<Unit filename="code/graphics/FxParticleSystem.cpp" />
		<Unit filename="code/graphics/FxParticleSystem.h" />
		<Unit filename="code/graphics/FxRandom.cpp" />
		<Unit filename="code/graphics/FxRandom.h" />
		<Unit filename="code/graphics/FxRandomFloat.cpp" />
		<Unit filename="code/graphics/FxRandomFloat.h" />
		<Unit filename="code/graphics/FxTimeLine.cpp" />
		<Unit filename="code/graphics/FxTimeLine.h" />
		<Unit filename="code/graphics/FxTimeLineTrack.cpp" />
		<Unit filename="code/graphics/FxTimeLineTrack.h" />
		<Unit filename="code/graphics/GraphicsEngine.cpp" />
		<Unit filename="code/graphics/GraphicsEngine.h" />
		<Unit filename="code/graphics/Happy2DRenderer.cpp" />
		<Unit filename="code/graphics/Happy2DRenderer.h" />
		<Unit filename="code/graphics/HappyQtWidget.cpp" />
		<Unit filename="code/graphics/HappyQtWidget.h" />
		<Unit filename="code/graphics/Hitregion.cpp" />
		<Unit filename="code/graphics/Hitregion.h" />
		<Unit filename="code/graphics/IDrawable.h" />
		<Unit filename="code/graphics/IFxComponent.h" />
		<Unit filename="code/graphics/IFxVariable.h" />
		<Unit filename="code/graphics/Light.cpp" />
		<Unit filename="code/graphics/Light.h" />
		<Unit filename="code/graphics/LightManager.cpp" />
		<Unit filename="code/graphics/LightManager.h" />
		<Unit filename="code/graphics/Line.cpp" />
		<Unit filename="code/graphics/Line.h" />
		<Unit filename="code/graphics/Line2D.cpp" />
		<Unit filename="code/graphics/Line2D.h" />
		<Unit filename="code/graphics/Material.cpp" />
		<Unit filename="code/graphics/Material.h" />
		<Unit filename="code/graphics/Model.cpp" />
		<Unit filename="code/graphics/Model.h" />
		<Unit filename="code/graphics/ModelMesh.cpp" />
		<Unit filename="code/graphics/ModelMesh.h" />
		<Unit filename="code/graphics/PickEffect.cpp" />
		<Unit filename="code/graphics/PickEffect.h" />
		<Unit filename="code/graphics/Picker.cpp" />
		<Unit filename="code/graphics/Picker.h" />
		<Unit filename="code/graphics/PointLight.cpp" />
		<Unit filename="code/graphics/PointLight.h" />
		<Unit filename="code/graphics/Polygon2D.cpp" />
		<Unit filename="code/graphics/Polygon2D.h" />
		<Unit filename="code/graphics/Rectangle2D.cpp" />
		<Unit filename="code/graphics/Rectangle2D.h" />
		<Unit filename="code/graphics/RoundedRectangle2D.cpp" />
		<Unit filename="code/graphics/RoundedRectangle2D.h" />
		<Unit filename="code/graphics/Scrollbar.cpp" />
		<Unit filename="code/graphics/Scrollbar.h" />
		<Unit filename="code/graphics/Shader.cpp" />
		<Unit filename="code/graphics/Shader.h" />
		<Unit filename="code/graphics/ShaderLayout.cpp" />
		<Unit filename="code/graphics/ShaderLayout.h" />
		<Unit filename="code/graphics/ShaderVar.h" />
		<Unit filename="code/graphics/ShadowCaster.cpp" />
		<Unit filename="code/graphics/ShadowCaster.h" />
		<Unit filename="code/graphics/Shape2D.h" />
		<Unit filename="code/graphics/Simple2DEffect.cpp" />
		<Unit filename="code/graphics/Simple2DEffect.h" />
		<Unit filename="code/graphics/Simple2DTextureEffect.cpp" />
		<Unit filename="code/graphics/Simple2DTextureEffect.h" />
		<Unit filename="code/graphics/SimpleColorEffect.cpp" />
		<Unit filename="code/graphics/SimpleColorEffect.h" />
		<Unit filename="code/graphics/SimpleForward3DRenderer.cpp" />
		<Unit filename="code/graphics/SimpleForward3DRenderer.h" />
		<Unit filename="code/graphics/SpotLight.cpp" />
		<Unit filename="code/graphics/SpotLight.h" />
		<Unit filename="code/graphics/Text.cpp" />
		<Unit filename="code/graphics/Text.h" />
		<Unit filename="code/graphics/TextBox.cpp" />
		<Unit filename="code/graphics/TextBox.h" />
		<Unit filename="code/graphics/Texture2D.cpp" />
		<Unit filename="code/graphics/Texture2D.h" />
		<Unit filename="code/graphics/Vertex.cpp" />
		<Unit filename="code/graphics/Vertex.h" />
		<Unit filename="code/graphics/VertexLayout.cpp" />
		<Unit filename="code/graphics/VertexLayout.h" />
		<Unit filename="code/io/BinaryStream.cpp" />
		<Unit filename="code/io/BinaryStream.h" />
		<Unit filename="code/io/ControlsManager.cpp" />
		<Unit filename="code/io/ControlsManager.h" />
		<Unit filename="code/io/FileReader.cpp" />
		<Unit filename="code/io/FileReader.h" />
		<Unit filename="code/io/IKeyboard.h" />
		<Unit filename="code/io/IMouse.h" />
		<Unit filename="code/io/IniReader.cpp" />
		<Unit filename="code/io/IniReader.h" />
		<Unit filename="code/io/IniWriter.cpp" />
		<Unit filename="code/io/IniWriter.h" />
		<Unit filename="code/io/Keyboard.cpp" />
		<Unit filename="code/io/Keyboard.h" />
		<Unit filename="code/io/Keys.h" />
		<Unit filename="code/io/Mouse.cpp" />
		<Unit filename="code/io/Mouse.h" />
		<Unit filename="code/io/QtKeyboard.cpp" />
		<Unit filename="code/io/QtKeyboard.h" />
		<Unit filename="code/io/QtMouse.cpp" />
		<Unit filename="code/io/QtMouse.h" />
		<Unit filename="code/math/AABB.cpp" />
		<Unit filename="code/math/AABB.h" />
		<Unit filename="code/math/CatmullRomSpline.h" />
		<Unit filename="code/math/Circle.cpp" />
		<Unit filename="code/math/Circle.h" />
		<Unit filename="code/math/ISpline.h" />
		<Unit filename="code/math/LinearSpline.h" />
		<Unit filename="code/math/MathConstants.h" />
		<Unit filename="code/math/MathFunctions.h" />
		<Unit filename="code/math/Polygon.cpp" />
		<Unit filename="code/math/Polygon.h" />
		<Unit filename="code/math/Random.cpp" />
		<Unit filename="code/math/Random.h" />
		<Unit filename="code/math/Rect.cpp" />
		<Unit filename="code/math/Rect.h" />
		<Unit filename="code/math/Sphere.cpp" />
		<Unit filename="code/math/Sphere.h" />
		<Unit filename="code/math/Triangulator.cpp" />
		<Unit filename="code/math/Triangulator.h" />
		<Unit filename="code/math/mat33.cpp" />
		<Unit filename="code/math/mat33.h" />
		<Unit filename="code/math/mat44.cpp" />
		<Unit filename="code/math/mat44.h" />
		<Unit filename="code/math/vec2.cpp" />
		<Unit filename="code/math/vec2.h" />
		<Unit filename="code/math/vec3.cpp" />
		<Unit filename="code/math/vec3.h" />
		<Unit filename="code/math/vec4.cpp" />
		<Unit filename="code/math/vec4.h" />
		<Unit filename="code/networking/Client.cpp" />
		<Unit filename="code/networking/Client.h" />
		<Unit filename="code/networking/Message.cpp" />
		<Unit filename="code/networking/Message.h" />
		<Unit filename="code/networking/NetworkManager.cpp" />
		<Unit filename="code/networking/NetworkManager.h" />
		<Unit filename="code/networking/Server.cpp" />
		<Unit filename="code/networking/Server.h" />
		<Unit filename="code/networking/TcpServer.cpp" />
		<Unit filename="code/networking/TcpServer.h" />
		<Unit filename="code/physics/IPhysicsShape.h" />
		<Unit filename="code/physics/PhysicsBoxShape.cpp" />
		<Unit filename="code/physics/PhysicsBoxShape.h" />
		<Unit filename="code/physics/PhysicsCar.cpp" />
		<Unit filename="code/physics/PhysicsCar.h" />
		<Unit filename="code/physics/PhysicsCarManager.cpp" />
		<Unit filename="code/physics/PhysicsCarManager.h" />
		<Unit filename="code/physics/PhysicsConcaveMesh.cpp" />
		<Unit filename="code/physics/PhysicsConcaveMesh.h" />
		<Unit filename="code/physics/PhysicsConcaveShape.cpp" />
		<Unit filename="code/physics/PhysicsConcaveShape.h" />
		<Unit filename="code/physics/PhysicsConvexMesh.cpp" />
		<Unit filename="code/physics/PhysicsConvexMesh.h" />
		<Unit filename="code/physics/PhysicsConvexShape.cpp" />
		<Unit filename="code/physics/PhysicsConvexShape.h" />
		<Unit filename="code/physics/PhysicsDynamicActor.cpp" />
		<Unit filename="code/physics/PhysicsDynamicActor.h" />
		<Unit filename="code/physics/PhysicsEngine.cpp" />
		<Unit filename="code/physics/PhysicsEngine.h" />
		<Unit filename="code/physics/PhysicsMaterial.cpp" />
		<Unit filename="code/physics/PhysicsMaterial.h" />
		<Unit filename="code/physics/PhysicsSphereShape.cpp" />
		<Unit filename="code/physics/PhysicsSphereShape.h" />
		<Unit filename="code/physics/PhysicsStaticActor.cpp" />
		<Unit filename="code/physics/PhysicsStaticActor.h" />
		<Unit filename="code/template/X.cpp" />
		<Unit filename="code/template/X.h" />
		<Unit filename="code/tools/BoolTypeHandler.h" />
		<Unit filename="code/tools/Console.cpp" />
		<Unit filename="code/tools/Console.h" />
		<Unit filename="code/tools/FPSGraph.cpp" />
		<Unit filename="code/tools/FPSGraph.h" />
		<Unit filename="code/tools/FloatTypeHandler.h" />
		<Unit filename="code/tools/Grid.cpp" />
		<Unit filename="code/tools/Grid.h" />
		<Unit filename="code/tools/HappyFxEditorBinding.cpp" />
		<Unit filename="code/tools/HappyFxEditorBinding.h" />
		<Unit filename="code/tools/ITypeHandler.h" />
		<Unit filename="code/tools/IntTypeHandler.h" />
		<Unit filename="code/tools/Profiler.cpp" />
		<Unit filename="code/tools/Profiler.h" />
		<Unit filename="code/tools/StringTypeHandler.h" />
		<Unit filename="code/tools/UIntTypeHandler.h" />
		<Unit filename="code/tools/Vec2TypeHandler.h" />
		<Unit filename="code/tools/Vec3TypeHandler.h" />
		<Unit filename="code/tools/Vec4TypeHandler.h" />
		<Extensions>
			<code_completion />
			<debugger />
		</Extensions>
	</Project>
</CodeBlocks_project_file>
