<?xml version="1.0" encoding="utf-8"?>
<Project ToolsVersion="4.0" xmlns="http://schemas.microsoft.com/developer/msbuild/2003">
  <ItemGroup>
    <Filter Include="happyengine">
      <UniqueIdentifier>{4FC737F1-C7A5-4376-A066-2A32D752A2FF}</UniqueIdentifier>
      <Extensions>cpp;c;cc;cxx;def;odl;idl;hpj;bat;asm;asmx</Extensions>
    </Filter>
    <Filter Include="happyengine\audio">
      <UniqueIdentifier>{749c4f44-9551-41e6-abeb-5a2733149f50}</UniqueIdentifier>
    </Filter>
    <Filter Include="happyengine\content">
      <UniqueIdentifier>{fda7e520-b1dd-4702-a60d-cb6935986d08}</UniqueIdentifier>
    </Filter>
    <Filter Include="happyengine\error">
      <UniqueIdentifier>{8a39bcdb-d24e-4e92-a7e4-c428d60de480}</UniqueIdentifier>
    </Filter>
    <Filter Include="happyengine\game">
      <UniqueIdentifier>{8f14cd1f-d814-49c4-b89f-08e75c9bb6d0}</UniqueIdentifier>
    </Filter>
    <Filter Include="happyengine\graphics">
      <UniqueIdentifier>{00313f2f-0fa1-46a6-8eb1-a8dbf8b03c31}</UniqueIdentifier>
    </Filter>
    <Filter Include="happyengine\io">
      <UniqueIdentifier>{e4ca4592-ffa2-45fa-9193-89880fe48b3e}</UniqueIdentifier>
    </Filter>
    <Filter Include="happyengine\math">
      <UniqueIdentifier>{8afcab01-08e6-4556-a4d9-b2510e331dc8}</UniqueIdentifier>
    </Filter>
    <Filter Include="happyengine\networking">
      <UniqueIdentifier>{62e8ac62-82d5-4e3b-95cc-070e84aed227}</UniqueIdentifier>
    </Filter>
    <Filter Include="happyengine\physics">
      <UniqueIdentifier>{767ca262-f223-4337-993f-97d48603a99a}</UniqueIdentifier>
    </Filter>
    <Filter Include="happyengine\template">
      <UniqueIdentifier>{f1f551a1-bea9-445d-9036-d7c3d49b16ae}</UniqueIdentifier>
    </Filter>
    <Filter Include="happyengine\tools">
      <UniqueIdentifier>{439e0d01-9335-4d97-b884-0878b028cb52}</UniqueIdentifier>
    </Filter>
    <Filter Include="happyengine\tools\typehandlers">
      <UniqueIdentifier>{e208091b-69d1-41c5-98d9-932785e4c06d}</UniqueIdentifier>
    </Filter>
  </ItemGroup>
  <ItemGroup>
    <ClCompile Include="code files\audio\Sound.cpp">
      <Filter>happyengine\audio</Filter>
    </ClCompile>
    <ClCompile Include="code files\audio\SoundManager.cpp">
      <Filter>happyengine\audio</Filter>
    </ClCompile>
    <ClCompile Include="code files\HappyEngine.cpp">
      <Filter>happyengine</Filter>
    </ClCompile>
    <ClCompile Include="code files\StdAfx.cpp">
      <Filter>happyengine</Filter>
    </ClCompile>
    <ClCompile Include="code files\content\BinObjLineLoader.cpp">
      <Filter>happyengine\content</Filter>
    </ClCompile>
    <ClCompile Include="code files\content\BinObjLoader.cpp">
      <Filter>happyengine\content</Filter>
    </ClCompile>
    <ClCompile Include="code files\content\ContentManager.cpp">
      <Filter>happyengine\content</Filter>
    </ClCompile>
    <ClCompile Include="code files\content\EntityLoader.cpp">
      <Filter>happyengine\content</Filter>
    </ClCompile>
    <ClCompile Include="code files\content\FontLoader.cpp">
      <Filter>happyengine\content</Filter>
    </ClCompile>
    <ClCompile Include="code files\content\LineLoader.cpp">
      <Filter>happyengine\content</Filter>
    </ClCompile>
    <ClCompile Include="code files\content\ModelLoader.cpp">
      <Filter>happyengine\content</Filter>
    </ClCompile>
    <ClCompile Include="code files\content\ModelLoaderFunctions.cpp">
      <Filter>happyengine\content</Filter>
    </ClCompile>
    <ClCompile Include="code files\content\ObjLineLoader.cpp">
      <Filter>happyengine\content</Filter>
    </ClCompile>
    <ClCompile Include="code files\content\ObjLoader.cpp">
      <Filter>happyengine\content</Filter>
    </ClCompile>
    <ClCompile Include="code files\content\PhysicsShapeLoader.cpp">
      <Filter>happyengine\content</Filter>
    </ClCompile>
    <ClCompile Include="code files\content\ShaderLoader.cpp">
      <Filter>happyengine\content</Filter>
    </ClCompile>
    <ClCompile Include="code files\content\ShaderPreProcessor.cpp">
      <Filter>happyengine\content</Filter>
    </ClCompile>
    <ClCompile Include="code files\content\TextureLoader.cpp">
      <Filter>happyengine\content</Filter>
    </ClCompile>
    <ClCompile Include="code files\error\Assert.cpp">
      <Filter>happyengine\error</Filter>
    </ClCompile>
    <ClCompile Include="code files\error\Exception.cpp">
      <Filter>happyengine\error</Filter>
    </ClCompile>
    <ClCompile Include="code files\error\ExternalError.cpp">
      <Filter>happyengine\error</Filter>
    </ClCompile>
    <ClCompile Include="code files\error\FileNotFoundException.cpp">
      <Filter>happyengine\error</Filter>
    </ClCompile>
    <ClCompile Include="code files\game\Entity.cpp">
      <Filter>happyengine\game</Filter>
    </ClCompile>
    <ClCompile Include="code files\graphics\Button.cpp">
      <Filter>happyengine\graphics</Filter>
    </ClCompile>
    <ClCompile Include="code files\graphics\Camera.cpp">
      <Filter>happyengine\graphics</Filter>
    </ClCompile>
    <ClCompile Include="code files\graphics\Color.cpp">
      <Filter>happyengine\graphics</Filter>
    </ClCompile>
    <ClCompile Include="code files\graphics\Deferred3DRenderer.cpp">
      <Filter>happyengine\graphics</Filter>
    </ClCompile>
    <ClCompile Include="code files\graphics\DrawManager.cpp">
      <Filter>happyengine\graphics</Filter>
    </ClCompile>
    <ClCompile Include="code files\graphics\DrawSettings.cpp">
      <Filter>happyengine\graphics</Filter>
    </ClCompile>
    <ClCompile Include="code files\graphics\Font.cpp">
      <Filter>happyengine\graphics</Filter>
    </ClCompile>
    <ClCompile Include="code files\graphics\GraphicsEngine.cpp">
      <Filter>happyengine\graphics</Filter>
    </ClCompile>
    <ClCompile Include="code files\graphics\Happy2DRenderer.cpp">
      <Filter>happyengine\graphics</Filter>
    </ClCompile>
    <ClCompile Include="code files\graphics\Hitregion.cpp">
      <Filter>happyengine\graphics</Filter>
    </ClCompile>
    <ClCompile Include="code files\graphics\Light.cpp">
      <Filter>happyengine\graphics</Filter>
    </ClCompile>
    <ClCompile Include="code files\graphics\LightManager.cpp">
      <Filter>happyengine\graphics</Filter>
    </ClCompile>
    <ClCompile Include="code files\graphics\Line.cpp">
      <Filter>happyengine\graphics</Filter>
    </ClCompile>
    <ClCompile Include="code files\graphics\Material.cpp">
      <Filter>happyengine\graphics</Filter>
    </ClCompile>
    <ClCompile Include="code files\graphics\Model.cpp">
      <Filter>happyengine\graphics</Filter>
    </ClCompile>
    <ClCompile Include="code files\graphics\ModelMesh.cpp">
      <Filter>happyengine\graphics</Filter>
    </ClCompile>
    <ClCompile Include="code files\graphics\PointLight.cpp">
      <Filter>happyengine\graphics</Filter>
    </ClCompile>
    <ClCompile Include="code files\graphics\Shader.cpp">
      <Filter>happyengine\graphics</Filter>
    </ClCompile>
    <ClCompile Include="code files\graphics\ShaderLayout.cpp">
      <Filter>happyengine\graphics</Filter>
    </ClCompile>
    <ClCompile Include="code files\graphics\Simple2DEffect.cpp">
      <Filter>happyengine\graphics</Filter>
    </ClCompile>
    <ClCompile Include="code files\graphics\Simple2DTextureEffect.cpp">
      <Filter>happyengine\graphics</Filter>
    </ClCompile>
    <ClCompile Include="code files\graphics\SimpleForward3DRenderer.cpp">
      <Filter>happyengine\graphics</Filter>
    </ClCompile>
    <ClCompile Include="code files\graphics\SpotLight.cpp">
      <Filter>happyengine\graphics</Filter>
    </ClCompile>
    <ClCompile Include="code files\graphics\Text.cpp">
      <Filter>happyengine\graphics</Filter>
    </ClCompile>
    <ClCompile Include="code files\graphics\TextBox.cpp">
      <Filter>happyengine\graphics</Filter>
    </ClCompile>
    <ClCompile Include="code files\graphics\Texture2D.cpp">
      <Filter>happyengine\graphics</Filter>
    </ClCompile>
    <ClCompile Include="code files\graphics\Vertex.cpp">
      <Filter>happyengine\graphics</Filter>
    </ClCompile>
    <ClCompile Include="code files\graphics\VertexLayout.cpp">
      <Filter>happyengine\graphics</Filter>
    </ClCompile>
    <ClCompile Include="code files\io\BinaryStream.cpp">
      <Filter>happyengine\io</Filter>
    </ClCompile>
    <ClCompile Include="code files\io\ControlsManager.cpp">
      <Filter>happyengine\io</Filter>
    </ClCompile>
    <ClCompile Include="code files\io\FileReader.cpp">
      <Filter>happyengine\io</Filter>
    </ClCompile>
    <ClCompile Include="code files\io\IniReader.cpp">
      <Filter>happyengine\io</Filter>
    </ClCompile>
    <ClCompile Include="code files\io\IniWriter.cpp">
      <Filter>happyengine\io</Filter>
    </ClCompile>
    <ClCompile Include="code files\io\Keyboard.cpp">
      <Filter>happyengine\io</Filter>
    </ClCompile>
    <ClCompile Include="code files\io\Mouse.cpp">
      <Filter>happyengine\io</Filter>
    </ClCompile>
    <ClCompile Include="code files\math\AABB.cpp">
      <Filter>happyengine\math</Filter>
    </ClCompile>
    <ClCompile Include="code files\math\Circle.cpp">
      <Filter>happyengine\math</Filter>
    </ClCompile>
    <ClCompile Include="code files\math\mat33.cpp">
      <Filter>happyengine\math</Filter>
    </ClCompile>
    <ClCompile Include="code files\math\mat44.cpp">
      <Filter>happyengine\math</Filter>
    </ClCompile>
    <ClCompile Include="code files\math\Random.cpp">
      <Filter>happyengine\math</Filter>
    </ClCompile>
    <ClCompile Include="code files\math\Rect.cpp">
      <Filter>happyengine\math</Filter>
    </ClCompile>
    <ClCompile Include="code files\math\Sphere.cpp">
      <Filter>happyengine\math</Filter>
    </ClCompile>
    <ClCompile Include="code files\math\vec2.cpp">
      <Filter>happyengine\math</Filter>
    </ClCompile>
    <ClCompile Include="code files\math\vec3.cpp">
      <Filter>happyengine\math</Filter>
    </ClCompile>
    <ClCompile Include="code files\math\vec4.cpp">
      <Filter>happyengine\math</Filter>
    </ClCompile>
    <ClCompile Include="code files\networking\Client.cpp">
      <Filter>happyengine\networking</Filter>
    </ClCompile>
    <ClCompile Include="code files\networking\Message.cpp">
      <Filter>happyengine\networking</Filter>
    </ClCompile>
    <ClCompile Include="code files\networking\NetworkManager.cpp">
      <Filter>happyengine\networking</Filter>
    </ClCompile>
    <ClCompile Include="code files\networking\Server.cpp">
      <Filter>happyengine\networking</Filter>
    </ClCompile>
    <ClCompile Include="code files\physics\PhysicsBoxShape.cpp">
      <Filter>happyengine\physics</Filter>
    </ClCompile>
    <ClCompile Include="code files\physics\PhysicsConvexShape.cpp">
      <Filter>happyengine\physics</Filter>
    </ClCompile>
    <ClCompile Include="code files\physics\PhysicsDynamicActor.cpp">
      <Filter>happyengine\physics</Filter>
    </ClCompile>
    <ClCompile Include="code files\physics\PhysicsEngine.cpp">
      <Filter>happyengine\physics</Filter>
    </ClCompile>
    <ClCompile Include="code files\physics\PhysicsMaterial.cpp">
      <Filter>happyengine\physics</Filter>
    </ClCompile>
    <ClCompile Include="code files\physics\PhysicsSphereShape.cpp">
      <Filter>happyengine\physics</Filter>
    </ClCompile>
    <ClCompile Include="code files\physics\PhysicsStaticActor.cpp">
      <Filter>happyengine\physics</Filter>
    </ClCompile>
    <ClCompile Include="code files\template\X.cpp">
      <Filter>happyengine\template</Filter>
    </ClCompile>
    <ClCompile Include="code files\tools\Console.cpp">
      <Filter>happyengine\tools</Filter>
    </ClCompile>
    <ClCompile Include="code files\tools\FPSGraph.cpp">
      <Filter>happyengine\tools</Filter>
    </ClCompile>
  </ItemGroup>
  <ItemGroup>
    <ClInclude Include="code files\audio\Sound.h">
      <Filter>happyengine\audio</Filter>
    </ClInclude>
    <ClInclude Include="code files\audio\SoundManager.h">
      <Filter>happyengine\audio</Filter>
    </ClInclude>
    <ClInclude Include="code files\HappyEngine.h">
      <Filter>happyengine</Filter>
    </ClInclude>
    <ClInclude Include="code files\HappyNew.h">
      <Filter>happyengine</Filter>
    </ClInclude>
    <ClInclude Include="code files\HappyTypes.h">
      <Filter>happyengine</Filter>
    </ClInclude>
    <ClInclude Include="code files\StdAfx.h">
      <Filter>happyengine</Filter>
    </ClInclude>
    <ClInclude Include="code files\content\AssetContainer.h">
      <Filter>happyengine\content</Filter>
    </ClInclude>
    <ClInclude Include="code files\content\AssetContainerP.h">
      <Filter>happyengine\content</Filter>
    </ClInclude>
    <ClInclude Include="code files\content\BinObjLineLoader.h">
      <Filter>happyengine\content</Filter>
    </ClInclude>
    <ClInclude Include="code files\content\BinObjLoader.h">
      <Filter>happyengine\content</Filter>
    </ClInclude>
    <ClInclude Include="code files\content\ContentManager.h">
      <Filter>happyengine\content</Filter>
    </ClInclude>
    <ClInclude Include="code files\content\EntityLoader.h">
      <Filter>happyengine\content</Filter>
    </ClInclude>
    <ClInclude Include="code files\content\FontLoader.h">
      <Filter>happyengine\content</Filter>
    </ClInclude>
    <ClInclude Include="code files\content\IModelLoader.h">
      <Filter>happyengine\content</Filter>
    </ClInclude>
    <ClInclude Include="code files\content\LineLoader.h">
      <Filter>happyengine\content</Filter>
    </ClInclude>
    <ClInclude Include="code files\content\ModelLoader.h">
      <Filter>happyengine\content</Filter>
    </ClInclude>
    <ClInclude Include="code files\content\ModelLoaderFunctions.h">
      <Filter>happyengine\content</Filter>
    </ClInclude>
    <ClInclude Include="code files\content\ObjLineLoader.h">
      <Filter>happyengine\content</Filter>
    </ClInclude>
    <ClInclude Include="code files\content\ObjLoader.h">
      <Filter>happyengine\content</Filter>
    </ClInclude>
    <ClInclude Include="code files\content\PhysicsShapeLoader.h">
      <Filter>happyengine\content</Filter>
    </ClInclude>
    <ClInclude Include="code files\content\ShaderLoader.h">
      <Filter>happyengine\content</Filter>
    </ClInclude>
    <ClInclude Include="code files\content\ShaderPreProcessor.h">
      <Filter>happyengine\content</Filter>
    </ClInclude>
    <ClInclude Include="code files\content\TextureLoader.h">
      <Filter>happyengine\content</Filter>
    </ClInclude>
    <ClInclude Include="code files\error\Assert.h">
      <Filter>happyengine\error</Filter>
    </ClInclude>
    <ClInclude Include="code files\error\Exception.h">
      <Filter>happyengine\error</Filter>
    </ClInclude>
    <ClInclude Include="code files\error\ExternalError.h">
      <Filter>happyengine\error</Filter>
    </ClInclude>
    <ClInclude Include="code files\error\FileNotFoundException.h">
      <Filter>happyengine\error</Filter>
    </ClInclude>
    <ClInclude Include="code files\game\Entity.h">
      <Filter>happyengine\game</Filter>
    </ClInclude>
    <ClInclude Include="code files\game\IGame.h">
      <Filter>happyengine\game</Filter>
    </ClInclude>
    <ClInclude Include="code files\graphics\Button.h">
      <Filter>happyengine\graphics</Filter>
    </ClInclude>
    <ClInclude Include="code files\graphics\Camera.h">
      <Filter>happyengine\graphics</Filter>
    </ClInclude>
    <ClInclude Include="code files\graphics\Color.h">
      <Filter>happyengine\graphics</Filter>
    </ClInclude>
    <ClInclude Include="code files\graphics\Deferred3DRenderer.h">
      <Filter>happyengine\graphics</Filter>
    </ClInclude>
    <ClInclude Include="code files\graphics\DrawManager.h">
      <Filter>happyengine\graphics</Filter>
    </ClInclude>
    <ClInclude Include="code files\graphics\DrawSettings.h">
      <Filter>happyengine\graphics</Filter>
    </ClInclude>
    <ClInclude Include="code files\graphics\Font.h">
      <Filter>happyengine\graphics</Filter>
    </ClInclude>
    <ClInclude Include="code files\graphics\GraphicsEngine.h">
      <Filter>happyengine\graphics</Filter>
    </ClInclude>
    <ClInclude Include="code files\graphics\Happy2DRenderer.h">
      <Filter>happyengine\graphics</Filter>
    </ClInclude>
    <ClInclude Include="code files\graphics\Hitregion.h">
      <Filter>happyengine\graphics</Filter>
    </ClInclude>
    <ClInclude Include="code files\graphics\IDrawable.h">
      <Filter>happyengine\graphics</Filter>
    </ClInclude>
    <ClInclude Include="code files\graphics\Light.h">
      <Filter>happyengine\graphics</Filter>
    </ClInclude>
    <ClInclude Include="code files\graphics\LightManager.h">
      <Filter>happyengine\graphics</Filter>
    </ClInclude>
    <ClInclude Include="code files\graphics\Line.h">
      <Filter>happyengine\graphics</Filter>
    </ClInclude>
    <ClInclude Include="code files\graphics\Material.h">
      <Filter>happyengine\graphics</Filter>
    </ClInclude>
    <ClInclude Include="code files\graphics\Model.h">
      <Filter>happyengine\graphics</Filter>
    </ClInclude>
    <ClInclude Include="code files\graphics\ModelMesh.h">
      <Filter>happyengine\graphics</Filter>
    </ClInclude>
    <ClInclude Include="code files\graphics\PointLight.h">
      <Filter>happyengine\graphics</Filter>
    </ClInclude>
    <ClInclude Include="code files\graphics\Shader.h">
      <Filter>happyengine\graphics</Filter>
    </ClInclude>
    <ClInclude Include="code files\graphics\ShaderLayout.h">
      <Filter>happyengine\graphics</Filter>
    </ClInclude>
    <ClInclude Include="code files\graphics\ShaderVar.h">
      <Filter>happyengine\graphics</Filter>
    </ClInclude>
    <ClInclude Include="code files\graphics\Simple2DEffect.h">
      <Filter>happyengine\graphics</Filter>
    </ClInclude>
    <ClInclude Include="code files\graphics\Simple2DTextureEffect.h">
      <Filter>happyengine\graphics</Filter>
    </ClInclude>
    <ClInclude Include="code files\graphics\SimpleForward3DRenderer.h">
      <Filter>happyengine\graphics</Filter>
    </ClInclude>
    <ClInclude Include="code files\graphics\SpotLight.h">
      <Filter>happyengine\graphics</Filter>
    </ClInclude>
    <ClInclude Include="code files\graphics\Text.h">
      <Filter>happyengine\graphics</Filter>
    </ClInclude>
    <ClInclude Include="code files\graphics\TextBox.h">
      <Filter>happyengine\graphics</Filter>
    </ClInclude>
    <ClInclude Include="code files\graphics\Texture2D.h">
      <Filter>happyengine\graphics</Filter>
    </ClInclude>
    <ClInclude Include="code files\graphics\Vertex.h">
      <Filter>happyengine\graphics</Filter>
    </ClInclude>
    <ClInclude Include="code files\graphics\VertexLayout.h">
      <Filter>happyengine\graphics</Filter>
    </ClInclude>
    <ClInclude Include="code files\io\BinaryStream.h">
      <Filter>happyengine\io</Filter>
    </ClInclude>
    <ClInclude Include="code files\io\ControlsManager.h">
      <Filter>happyengine\io</Filter>
    </ClInclude>
    <ClInclude Include="code files\io\FileReader.h">
      <Filter>happyengine\io</Filter>
    </ClInclude>
    <ClInclude Include="code files\io\IniReader.h">
      <Filter>happyengine\io</Filter>
    </ClInclude>
    <ClInclude Include="code files\io\IniWriter.h">
      <Filter>happyengine\io</Filter>
    </ClInclude>
    <ClInclude Include="code files\io\Keyboard.h">
      <Filter>happyengine\io</Filter>
    </ClInclude>
    <ClInclude Include="code files\io\Keys.h">
      <Filter>happyengine\io</Filter>
    </ClInclude>
    <ClInclude Include="code files\io\Mouse.h">
      <Filter>happyengine\io</Filter>
    </ClInclude>
    <ClInclude Include="code files\math\AABB.h">
      <Filter>happyengine\math</Filter>
    </ClInclude>
    <ClInclude Include="code files\math\CatmullRomSpline.h">
      <Filter>happyengine\math</Filter>
    </ClInclude>
    <ClInclude Include="code files\math\Circle.h">
      <Filter>happyengine\math</Filter>
    </ClInclude>
    <ClInclude Include="code files\math\ISpline.h">
      <Filter>happyengine\math</Filter>
    </ClInclude>
    <ClInclude Include="code files\math\LinearSpline.h">
      <Filter>happyengine\math</Filter>
    </ClInclude>
    <ClInclude Include="code files\math\mat33.h">
      <Filter>happyengine\math</Filter>
    </ClInclude>
    <ClInclude Include="code files\math\mat44.h">
      <Filter>happyengine\math</Filter>
    </ClInclude>
    <ClInclude Include="code files\math\MathConstants.h">
      <Filter>happyengine\math</Filter>
    </ClInclude>
    <ClInclude Include="code files\math\MathFunctions.h">
      <Filter>happyengine\math</Filter>
    </ClInclude>
    <ClInclude Include="code files\math\Random.h">
      <Filter>happyengine\math</Filter>
    </ClInclude>
    <ClInclude Include="code files\math\Rect.h">
      <Filter>happyengine\math</Filter>
    </ClInclude>
    <ClInclude Include="code files\math\Sphere.h">
      <Filter>happyengine\math</Filter>
    </ClInclude>
    <ClInclude Include="code files\math\vec2.h">
      <Filter>happyengine\math</Filter>
    </ClInclude>
    <ClInclude Include="code files\math\vec3.h">
      <Filter>happyengine\math</Filter>
    </ClInclude>
    <ClInclude Include="code files\math\vec4.h">
      <Filter>happyengine\math</Filter>
    </ClInclude>
    <ClInclude Include="code files\networking\Client.h">
      <Filter>happyengine\networking</Filter>
    </ClInclude>
    <ClInclude Include="code files\networking\Message.h">
      <Filter>happyengine\networking</Filter>
    </ClInclude>
    <ClInclude Include="code files\networking\NetworkManager.h">
      <Filter>happyengine\networking</Filter>
    </ClInclude>
    <ClInclude Include="code files\networking\Server.h">
      <Filter>happyengine\networking</Filter>
    </ClInclude>
    <ClInclude Include="code files\physics\IPhysicsShape.h">
      <Filter>happyengine\physics</Filter>
    </ClInclude>
    <ClInclude Include="code files\physics\PhysicsBoxShape.h">
      <Filter>happyengine\physics</Filter>
    </ClInclude>
    <ClInclude Include="code files\physics\PhysicsConvexShape.h">
      <Filter>happyengine\physics</Filter>
    </ClInclude>
    <ClInclude Include="code files\physics\PhysicsDynamicActor.h">
      <Filter>happyengine\physics</Filter>
    </ClInclude>
    <ClInclude Include="code files\physics\PhysicsEngine.h">
      <Filter>happyengine\physics</Filter>
    </ClInclude>
    <ClInclude Include="code files\physics\PhysicsMaterial.h">
      <Filter>happyengine\physics</Filter>
    </ClInclude>
    <ClInclude Include="code files\physics\PhysicsSphereShape.h">
      <Filter>happyengine\physics</Filter>
    </ClInclude>
    <ClInclude Include="code files\physics\PhysicsStaticActor.h">
      <Filter>happyengine\physics</Filter>
    </ClInclude>
    <ClInclude Include="code files\template\X.h">
      <Filter>happyengine\template</Filter>
    </ClInclude>
    <ClInclude Include="code files\tools\Console.h">
      <Filter>happyengine\tools</Filter>
    </ClInclude>
    <ClInclude Include="code files\tools\FPSGraph.h">
      <Filter>happyengine\tools</Filter>
    </ClInclude>
    <ClInclude Include="code files\tools\Vec4TypeHandler.h">
      <Filter>happyengine\tools\typehandlers</Filter>
    </ClInclude>
    <ClInclude Include="code files\tools\IntTypeHandler.h">
      <Filter>happyengine\tools\typehandlers</Filter>
    </ClInclude>
    <ClInclude Include="code files\tools\ITypeHandler.h">
      <Filter>happyengine\tools\typehandlers</Filter>
    </ClInclude>
    <ClInclude Include="code files\tools\UIntTypeHandler.h">
      <Filter>happyengine\tools\typehandlers</Filter>
    </ClInclude>
    <ClInclude Include="code files\tools\Vec2TypeHandler.h">
      <Filter>happyengine\tools\typehandlers</Filter>
    </ClInclude>
    <ClInclude Include="code files\tools\FloatTypeHandler.h">
      <Filter>happyengine\tools\typehandlers</Filter>
    </ClInclude>
    <ClInclude Include="code files\tools\BoolTypeHandler.h">
      <Filter>happyengine\tools\typehandlers</Filter>
    </ClInclude>
    <ClInclude Include="code files\tools\Vec3TypeHandler.h">
      <Filter>happyengine\tools\typehandlers</Filter>
    </ClInclude>
  </ItemGroup>
</Project>